// !$*UTF8*$!
{
	archiveVersion = 1;
	classes = {
	};
	objectVersion = 51;
	objects = {

/* Begin PBXBuildFile section */
		0008100F2661F681009C1005 /* MDLayoutHelper.swift in Sources */ = {isa = PBXBuildFile; fileRef = 0008100E2661F681009C1005 /* MDLayoutHelper.swift */; };
		0008101226621229009C1005 /* MDTrendViewController.swift in Sources */ = {isa = PBXBuildFile; fileRef = 0008101126621229009C1005 /* MDTrendViewController.swift */; };
		000810172662125B009C1005 /* MDStaredViewController.swift in Sources */ = {isa = PBXBuildFile; fileRef = 000810162662125B009C1005 /* MDStaredViewController.swift */; };
		0008101A2662647D009C1005 /* MDMangaTableView.swift in Sources */ = {isa = PBXBuildFile; fileRef = 000810192662647D009C1005 /* MDMangaTableView.swift */; };
		00170964264FA3E6005BEE67 /* MDAuth.swift in Sources */ = {isa = PBXBuildFile; fileRef = 00170963264FA3E6005BEE67 /* MDAuth.swift */; };
		00170966264FC9CB005BEE67 /* DashboardViewController.swift in Sources */ = {isa = PBXBuildFile; fileRef = 00170965264FC9CB005BEE67 /* DashboardViewController.swift */; };
		00170968264FD1A7005BEE67 /* Dashboard.storyboard in Resources */ = {isa = PBXBuildFile; fileRef = 00170967264FD1A7005BEE67 /* Dashboard.storyboard */; };
		002208A12664904500B420DF /* MDThemeManager.swift in Sources */ = {isa = PBXBuildFile; fileRef = 002208A02664904500B420DF /* MDThemeManager.swift */; };
		0025DADF2665D202006C6701 /* MDMangaDetailViewController.swift in Sources */ = {isa = PBXBuildFile; fileRef = 0025DADE2665D202006C6701 /* MDMangaDetailViewController.swift */; };
		004F718A264BF8EB00D61AEB /* AppDelegate.swift in Sources */ = {isa = PBXBuildFile; fileRef = 004F7189264BF8EB00D61AEB /* AppDelegate.swift */; };
		004F718C264BF8EB00D61AEB /* SceneDelegate.swift in Sources */ = {isa = PBXBuildFile; fileRef = 004F718B264BF8EB00D61AEB /* SceneDelegate.swift */; };
		004F718E264BF8EB00D61AEB /* ViewController.swift in Sources */ = {isa = PBXBuildFile; fileRef = 004F718D264BF8EB00D61AEB /* ViewController.swift */; };
		004F7191264BF8EB00D61AEB /* Main.storyboard in Resources */ = {isa = PBXBuildFile; fileRef = 004F718F264BF8EB00D61AEB /* Main.storyboard */; };
		004F7194264BF8EB00D61AEB /* Mangadex.xcdatamodeld in Sources */ = {isa = PBXBuildFile; fileRef = 004F7192264BF8EB00D61AEB /* Mangadex.xcdatamodeld */; };
		004F7196264BF8ED00D61AEB /* Assets.xcassets in Resources */ = {isa = PBXBuildFile; fileRef = 004F7195264BF8ED00D61AEB /* Assets.xcassets */; };
		004F7199264BF8ED00D61AEB /* LaunchScreen.storyboard in Resources */ = {isa = PBXBuildFile; fileRef = 004F7197264BF8ED00D61AEB /* LaunchScreen.storyboard */; };
		004F71A4264BF8ED00D61AEB /* MangadexTests.swift in Sources */ = {isa = PBXBuildFile; fileRef = 004F71A3264BF8ED00D61AEB /* MangadexTests.swift */; };
		004F71AF264BF8ED00D61AEB /* MangadexUITests.swift in Sources */ = {isa = PBXBuildFile; fileRef = 004F71AE264BF8ED00D61AEB /* MangadexUITests.swift */; };
		00CE072E2663B84E00ABFDB3 /* MDRemoteImage.swift in Sources */ = {isa = PBXBuildFile; fileRef = 00CE072D2663B84E00ABFDB3 /* MDRemoteImage.swift */; };
		00CE07302663C10000ABFDB3 /* MDRemoteText.swift in Sources */ = {isa = PBXBuildFile; fileRef = 00CE072F2663C10000ABFDB3 /* MDRemoteText.swift */; };
		00FC838E2663417D00AB0586 /* MDMangaTableCell.swift in Sources */ = {isa = PBXBuildFile; fileRef = 00FC838D2663417D00AB0586 /* MDMangaTableCell.swift */; };
		E91D0BB428A4FB3577929470 /* Pods_Mangadex.framework in Frameworks */ = {isa = PBXBuildFile; fileRef = DA1A80F2A7AA06BA47E5F86D /* Pods_Mangadex.framework */; };
/* End PBXBuildFile section */

/* Begin PBXContainerItemProxy section */
		004F71A0264BF8ED00D61AEB /* PBXContainerItemProxy */ = {
			isa = PBXContainerItemProxy;
			containerPortal = 004F717E264BF8EB00D61AEB /* Project object */;
			proxyType = 1;
			remoteGlobalIDString = 004F7185264BF8EB00D61AEB;
			remoteInfo = Mangadex;
		};
		004F71AB264BF8ED00D61AEB /* PBXContainerItemProxy */ = {
			isa = PBXContainerItemProxy;
			containerPortal = 004F717E264BF8EB00D61AEB /* Project object */;
			proxyType = 1;
			remoteGlobalIDString = 004F7185264BF8EB00D61AEB;
			remoteInfo = Mangadex;
		};
/* End PBXContainerItemProxy section */

/* Begin PBXFileReference section */
		0008100E2661F681009C1005 /* MDLayoutHelper.swift */ = {isa = PBXFileReference; lastKnownFileType = sourcecode.swift; path = MDLayoutHelper.swift; sourceTree = "<group>"; };
		0008101126621229009C1005 /* MDTrendViewController.swift */ = {isa = PBXFileReference; lastKnownFileType = sourcecode.swift; path = MDTrendViewController.swift; sourceTree = "<group>"; };
		000810162662125B009C1005 /* MDStaredViewController.swift */ = {isa = PBXFileReference; lastKnownFileType = sourcecode.swift; path = MDStaredViewController.swift; sourceTree = "<group>"; };
		000810192662647D009C1005 /* MDMangaTableView.swift */ = {isa = PBXFileReference; lastKnownFileType = sourcecode.swift; path = MDMangaTableView.swift; sourceTree = "<group>"; };
		00170963264FA3E6005BEE67 /* MDAuth.swift */ = {isa = PBXFileReference; lastKnownFileType = sourcecode.swift; path = MDAuth.swift; sourceTree = "<group>"; };
		00170965264FC9CB005BEE67 /* DashboardViewController.swift */ = {isa = PBXFileReference; lastKnownFileType = sourcecode.swift; path = DashboardViewController.swift; sourceTree = "<group>"; };
		00170967264FD1A7005BEE67 /* Dashboard.storyboard */ = {isa = PBXFileReference; lastKnownFileType = file.storyboard; path = Dashboard.storyboard; sourceTree = "<group>"; };
		002208A02664904500B420DF /* MDThemeManager.swift */ = {isa = PBXFileReference; lastKnownFileType = sourcecode.swift; path = MDThemeManager.swift; sourceTree = "<group>"; };
		0025DADE2665D202006C6701 /* MDMangaDetailViewController.swift */ = {isa = PBXFileReference; lastKnownFileType = sourcecode.swift; path = MDMangaDetailViewController.swift; sourceTree = "<group>"; };
		004F7186264BF8EB00D61AEB /* Mangadex.app */ = {isa = PBXFileReference; explicitFileType = wrapper.application; includeInIndex = 0; path = Mangadex.app; sourceTree = BUILT_PRODUCTS_DIR; };
		004F7189264BF8EB00D61AEB /* AppDelegate.swift */ = {isa = PBXFileReference; lastKnownFileType = sourcecode.swift; path = AppDelegate.swift; sourceTree = "<group>"; };
		004F718B264BF8EB00D61AEB /* SceneDelegate.swift */ = {isa = PBXFileReference; lastKnownFileType = sourcecode.swift; path = SceneDelegate.swift; sourceTree = "<group>"; };
		004F718D264BF8EB00D61AEB /* ViewController.swift */ = {isa = PBXFileReference; lastKnownFileType = sourcecode.swift; path = ViewController.swift; sourceTree = "<group>"; };
		004F7190264BF8EB00D61AEB /* Base */ = {isa = PBXFileReference; lastKnownFileType = file.storyboard; name = Base; path = Base.lproj/Main.storyboard; sourceTree = "<group>"; };
		004F7193264BF8EB00D61AEB /* Mangadex.xcdatamodel */ = {isa = PBXFileReference; lastKnownFileType = wrapper.xcdatamodel; path = Mangadex.xcdatamodel; sourceTree = "<group>"; };
		004F7195264BF8ED00D61AEB /* Assets.xcassets */ = {isa = PBXFileReference; lastKnownFileType = folder.assetcatalog; path = Assets.xcassets; sourceTree = "<group>"; };
		004F7198264BF8ED00D61AEB /* Base */ = {isa = PBXFileReference; lastKnownFileType = file.storyboard; name = Base; path = Base.lproj/LaunchScreen.storyboard; sourceTree = "<group>"; };
		004F719A264BF8ED00D61AEB /* Info.plist */ = {isa = PBXFileReference; lastKnownFileType = text.plist.xml; path = Info.plist; sourceTree = "<group>"; };
		004F719F264BF8ED00D61AEB /* MangadexTests.xctest */ = {isa = PBXFileReference; explicitFileType = wrapper.cfbundle; includeInIndex = 0; path = MangadexTests.xctest; sourceTree = BUILT_PRODUCTS_DIR; };
		004F71A3264BF8ED00D61AEB /* MangadexTests.swift */ = {isa = PBXFileReference; lastKnownFileType = sourcecode.swift; path = MangadexTests.swift; sourceTree = "<group>"; };
		004F71A5264BF8ED00D61AEB /* Info.plist */ = {isa = PBXFileReference; lastKnownFileType = text.plist.xml; path = Info.plist; sourceTree = "<group>"; };
		004F71AA264BF8ED00D61AEB /* MangadexUITests.xctest */ = {isa = PBXFileReference; explicitFileType = wrapper.cfbundle; includeInIndex = 0; path = MangadexUITests.xctest; sourceTree = BUILT_PRODUCTS_DIR; };
		004F71AE264BF8ED00D61AEB /* MangadexUITests.swift */ = {isa = PBXFileReference; lastKnownFileType = sourcecode.swift; path = MangadexUITests.swift; sourceTree = "<group>"; };
		004F71B0264BF8ED00D61AEB /* Info.plist */ = {isa = PBXFileReference; lastKnownFileType = text.plist.xml; path = Info.plist; sourceTree = "<group>"; };
		00CE072D2663B84E00ABFDB3 /* MDRemoteImage.swift */ = {isa = PBXFileReference; lastKnownFileType = sourcecode.swift; path = MDRemoteImage.swift; sourceTree = "<group>"; };
		00CE072F2663C10000ABFDB3 /* MDRemoteText.swift */ = {isa = PBXFileReference; lastKnownFileType = sourcecode.swift; path = MDRemoteText.swift; sourceTree = "<group>"; };
		00FC838D2663417D00AB0586 /* MDMangaTableCell.swift */ = {isa = PBXFileReference; lastKnownFileType = sourcecode.swift; path = MDMangaTableCell.swift; sourceTree = "<group>"; };
		91B3DEDE63E98E2543E7196D /* Pods-Mangadex.release.xcconfig */ = {isa = PBXFileReference; includeInIndex = 1; lastKnownFileType = text.xcconfig; name = "Pods-Mangadex.release.xcconfig"; path = "Target Support Files/Pods-Mangadex/Pods-Mangadex.release.xcconfig"; sourceTree = "<group>"; };
		A112F1BBD00A38531B364725 /* Pods-Mangadex.debug.xcconfig */ = {isa = PBXFileReference; includeInIndex = 1; lastKnownFileType = text.xcconfig; name = "Pods-Mangadex.debug.xcconfig"; path = "Target Support Files/Pods-Mangadex/Pods-Mangadex.debug.xcconfig"; sourceTree = "<group>"; };
		DA1A80F2A7AA06BA47E5F86D /* Pods_Mangadex.framework */ = {isa = PBXFileReference; explicitFileType = wrapper.framework; includeInIndex = 0; path = Pods_Mangadex.framework; sourceTree = BUILT_PRODUCTS_DIR; };
/* End PBXFileReference section */

/* Begin PBXFrameworksBuildPhase section */
		004F7183264BF8EB00D61AEB /* Frameworks */ = {
			isa = PBXFrameworksBuildPhase;
			buildActionMask = 2147483647;
			files = (
				E91D0BB428A4FB3577929470 /* Pods_Mangadex.framework in Frameworks */,
			);
			runOnlyForDeploymentPostprocessing = 0;
		};
		004F719C264BF8ED00D61AEB /* Frameworks */ = {
			isa = PBXFrameworksBuildPhase;
			buildActionMask = 2147483647;
			files = (
			);
			runOnlyForDeploymentPostprocessing = 0;
		};
		004F71A7264BF8ED00D61AEB /* Frameworks */ = {
			isa = PBXFrameworksBuildPhase;
			buildActionMask = 2147483647;
			files = (
			);
			runOnlyForDeploymentPostprocessing = 0;
		};
/* End PBXFrameworksBuildPhase section */

/* Begin PBXGroup section */
		0008100D2661F669009C1005 /* Theming */ = {
			isa = PBXGroup;
			children = (
				0008100E2661F681009C1005 /* MDLayoutHelper.swift */,
				002208A02664904500B420DF /* MDThemeManager.swift */,
			);
			path = Theming;
			sourceTree = "<group>";
		};
		000810102662120F009C1005 /* Views */ = {
			isa = PBXGroup;
			children = (
				0025DADD2665D1F0006C6701 /* Detail */,
				0008101526621249009C1005 /* Stared */,
				0008101326621236009C1005 /* Trend */,
			);
			path = Views;
			sourceTree = "<group>";
		};
		0008101326621236009C1005 /* Trend */ = {
			isa = PBXGroup;
			children = (
				0008101126621229009C1005 /* MDTrendViewController.swift */,
			);
			path = Trend;
			sourceTree = "<group>";
		};
		0008101526621249009C1005 /* Stared */ = {
			isa = PBXGroup;
			children = (
				000810162662125B009C1005 /* MDStaredViewController.swift */,
			);
			path = Stared;
			sourceTree = "<group>";
		};
		000810182662646B009C1005 /* Components */ = {
			isa = PBXGroup;
			children = (
				00FC838C2663414C00AB0586 /* Table */,
			);
			path = Components;
			sourceTree = "<group>";
		};
		00170962264FA3A9005BEE67 /* Net */ = {
			isa = PBXGroup;
			children = (
				00170963264FA3E6005BEE67 /* MDAuth.swift */,
				00CE072D2663B84E00ABFDB3 /* MDRemoteImage.swift */,
				00CE072F2663C10000ABFDB3 /* MDRemoteText.swift */,
			);
			path = Net;
			sourceTree = "<group>";
		};
		0025DADD2665D1F0006C6701 /* Detail */ = {
			isa = PBXGroup;
			children = (
				0025DADE2665D202006C6701 /* MDMangaDetailViewController.swift */,
			);
			path = Detail;
			sourceTree = "<group>";
		};
		004F717D264BF8EB00D61AEB = {
			isa = PBXGroup;
			children = (
				004F7188264BF8EB00D61AEB /* Mangadex */,
				004F71A2264BF8ED00D61AEB /* MangadexTests */,
				004F71AD264BF8ED00D61AEB /* MangadexUITests */,
				004F7187264BF8EB00D61AEB /* Products */,
				C7DFFD547A9BED2B8A6310A8 /* Pods */,
				EB589BE1F4EAD33A4B56DDFA /* Frameworks */,
			);
			sourceTree = "<group>";
		};
		004F7187264BF8EB00D61AEB /* Products */ = {
			isa = PBXGroup;
			children = (
				004F7186264BF8EB00D61AEB /* Mangadex.app */,
				004F719F264BF8ED00D61AEB /* MangadexTests.xctest */,
				004F71AA264BF8ED00D61AEB /* MangadexUITests.xctest */,
			);
			name = Products;
			sourceTree = "<group>";
		};
		004F7188264BF8EB00D61AEB /* Mangadex */ = {
			isa = PBXGroup;
			children = (
				000810182662646B009C1005 /* Components */,
				000810102662120F009C1005 /* Views */,
				0008100D2661F669009C1005 /* Theming */,
				00170962264FA3A9005BEE67 /* Net */,
				004F7189264BF8EB00D61AEB /* AppDelegate.swift */,
				004F718B264BF8EB00D61AEB /* SceneDelegate.swift */,
				004F718D264BF8EB00D61AEB /* ViewController.swift */,
				004F718F264BF8EB00D61AEB /* Main.storyboard */,
				00170967264FD1A7005BEE67 /* Dashboard.storyboard */,
				004F7195264BF8ED00D61AEB /* Assets.xcassets */,
				004F7197264BF8ED00D61AEB /* LaunchScreen.storyboard */,
				004F719A264BF8ED00D61AEB /* Info.plist */,
				004F7192264BF8EB00D61AEB /* Mangadex.xcdatamodeld */,
				00170965264FC9CB005BEE67 /* DashboardViewController.swift */,
			);
			path = Mangadex;
			sourceTree = "<group>";
		};
		004F71A2264BF8ED00D61AEB /* MangadexTests */ = {
			isa = PBXGroup;
			children = (
				004F71A3264BF8ED00D61AEB /* MangadexTests.swift */,
				004F71A5264BF8ED00D61AEB /* Info.plist */,
			);
			path = MangadexTests;
			sourceTree = "<group>";
		};
		004F71AD264BF8ED00D61AEB /* MangadexUITests */ = {
			isa = PBXGroup;
			children = (
				004F71AE264BF8ED00D61AEB /* MangadexUITests.swift */,
				004F71B0264BF8ED00D61AEB /* Info.plist */,
			);
			path = MangadexUITests;
			sourceTree = "<group>";
		};
		00FC838C2663414C00AB0586 /* Table */ = {
			isa = PBXGroup;
			children = (
				000810192662647D009C1005 /* MDMangaTableView.swift */,
				00FC838D2663417D00AB0586 /* MDMangaTableCell.swift */,
			);
			path = Table;
			sourceTree = "<group>";
		};
		C7DFFD547A9BED2B8A6310A8 /* Pods */ = {
			isa = PBXGroup;
			children = (
				A112F1BBD00A38531B364725 /* Pods-Mangadex.debug.xcconfig */,
				91B3DEDE63E98E2543E7196D /* Pods-Mangadex.release.xcconfig */,
			);
			path = Pods;
			sourceTree = "<group>";
		};
		EB589BE1F4EAD33A4B56DDFA /* Frameworks */ = {
			isa = PBXGroup;
			children = (
				DA1A80F2A7AA06BA47E5F86D /* Pods_Mangadex.framework */,
			);
			name = Frameworks;
			sourceTree = "<group>";
		};
/* End PBXGroup section */

/* Begin PBXNativeTarget section */
		004F7185264BF8EB00D61AEB /* Mangadex */ = {
			isa = PBXNativeTarget;
			buildConfigurationList = 004F71B3264BF8ED00D61AEB /* Build configuration list for PBXNativeTarget "Mangadex" */;
			buildPhases = (
				7FE46D768BFCEE6482983852 /* [CP] Check Pods Manifest.lock */,
				004F7182264BF8EB00D61AEB /* Sources */,
				004F7183264BF8EB00D61AEB /* Frameworks */,
				004F7184264BF8EB00D61AEB /* Resources */,
				C15475762ABE5217AAFA3DE3 /* [CP] Embed Pods Frameworks */,
			);
			buildRules = (
			);
			dependencies = (
			);
			name = Mangadex;
			productName = Mangadex;
			productReference = 004F7186264BF8EB00D61AEB /* Mangadex.app */;
			productType = "com.apple.product-type.application";
		};
		004F719E264BF8ED00D61AEB /* MangadexTests */ = {
			isa = PBXNativeTarget;
			buildConfigurationList = 004F71B6264BF8ED00D61AEB /* Build configuration list for PBXNativeTarget "MangadexTests" */;
			buildPhases = (
				004F719B264BF8ED00D61AEB /* Sources */,
				004F719C264BF8ED00D61AEB /* Frameworks */,
				004F719D264BF8ED00D61AEB /* Resources */,
			);
			buildRules = (
			);
			dependencies = (
				004F71A1264BF8ED00D61AEB /* PBXTargetDependency */,
			);
			name = MangadexTests;
			productName = MangadexTests;
			productReference = 004F719F264BF8ED00D61AEB /* MangadexTests.xctest */;
			productType = "com.apple.product-type.bundle.unit-test";
		};
		004F71A9264BF8ED00D61AEB /* MangadexUITests */ = {
			isa = PBXNativeTarget;
			buildConfigurationList = 004F71B9264BF8ED00D61AEB /* Build configuration list for PBXNativeTarget "MangadexUITests" */;
			buildPhases = (
				004F71A6264BF8ED00D61AEB /* Sources */,
				004F71A7264BF8ED00D61AEB /* Frameworks */,
				004F71A8264BF8ED00D61AEB /* Resources */,
			);
			buildRules = (
			);
			dependencies = (
				004F71AC264BF8ED00D61AEB /* PBXTargetDependency */,
			);
			name = MangadexUITests;
			productName = MangadexUITests;
			productReference = 004F71AA264BF8ED00D61AEB /* MangadexUITests.xctest */;
			productType = "com.apple.product-type.bundle.ui-testing";
		};
/* End PBXNativeTarget section */

/* Begin PBXProject section */
		004F717E264BF8EB00D61AEB /* Project object */ = {
			isa = PBXProject;
			attributes = {
				LastSwiftUpdateCheck = 1240;
				LastUpgradeCheck = 1240;
				TargetAttributes = {
					004F7185264BF8EB00D61AEB = {
						CreatedOnToolsVersion = 12.4;
					};
					004F719E264BF8ED00D61AEB = {
						CreatedOnToolsVersion = 12.4;
						TestTargetID = 004F7185264BF8EB00D61AEB;
					};
					004F71A9264BF8ED00D61AEB = {
						CreatedOnToolsVersion = 12.4;
						TestTargetID = 004F7185264BF8EB00D61AEB;
					};
				};
			};
			buildConfigurationList = 004F7181264BF8EB00D61AEB /* Build configuration list for PBXProject "Mangadex" */;
			compatibilityVersion = "Xcode 9.3";
			developmentRegion = en;
			hasScannedForEncodings = 0;
			knownRegions = (
				en,
				Base,
			);
			mainGroup = 004F717D264BF8EB00D61AEB;
			productRefGroup = 004F7187264BF8EB00D61AEB /* Products */;
			projectDirPath = "";
			projectRoot = "";
			targets = (
				004F7185264BF8EB00D61AEB /* Mangadex */,
				004F719E264BF8ED00D61AEB /* MangadexTests */,
				004F71A9264BF8ED00D61AEB /* MangadexUITests */,
			);
		};
/* End PBXProject section */

/* Begin PBXResourcesBuildPhase section */
		004F7184264BF8EB00D61AEB /* Resources */ = {
			isa = PBXResourcesBuildPhase;
			buildActionMask = 2147483647;
			files = (
				004F7199264BF8ED00D61AEB /* LaunchScreen.storyboard in Resources */,
				004F7196264BF8ED00D61AEB /* Assets.xcassets in Resources */,
				004F7191264BF8EB00D61AEB /* Main.storyboard in Resources */,
				00170968264FD1A7005BEE67 /* Dashboard.storyboard in Resources */,
			);
			runOnlyForDeploymentPostprocessing = 0;
		};
		004F719D264BF8ED00D61AEB /* Resources */ = {
			isa = PBXResourcesBuildPhase;
			buildActionMask = 2147483647;
			files = (
			);
			runOnlyForDeploymentPostprocessing = 0;
		};
		004F71A8264BF8ED00D61AEB /* Resources */ = {
			isa = PBXResourcesBuildPhase;
			buildActionMask = 2147483647;
			files = (
			);
			runOnlyForDeploymentPostprocessing = 0;
		};
/* End PBXResourcesBuildPhase section */

/* Begin PBXShellScriptBuildPhase section */
		7FE46D768BFCEE6482983852 /* [CP] Check Pods Manifest.lock */ = {
			isa = PBXShellScriptBuildPhase;
			buildActionMask = 2147483647;
			files = (
			);
			inputFileListPaths = (
			);
			inputPaths = (
				"${PODS_PODFILE_DIR_PATH}/Podfile.lock",
				"${PODS_ROOT}/Manifest.lock",
			);
			name = "[CP] Check Pods Manifest.lock";
			outputFileListPaths = (
			);
			outputPaths = (
				"$(DERIVED_FILE_DIR)/Pods-Mangadex-checkManifestLockResult.txt",
			);
			runOnlyForDeploymentPostprocessing = 0;
			shellPath = /bin/sh;
			shellScript = "diff \"${PODS_PODFILE_DIR_PATH}/Podfile.lock\" \"${PODS_ROOT}/Manifest.lock\" > /dev/null\nif [ $? != 0 ] ; then\n    # print error to STDERR\n    echo \"error: The sandbox is not in sync with the Podfile.lock. Run 'pod install' or update your CocoaPods installation.\" >&2\n    exit 1\nfi\n# This output is used by Xcode 'outputs' to avoid re-running this script phase.\necho \"SUCCESS\" > \"${SCRIPT_OUTPUT_FILE_0}\"\n";
			showEnvVarsInLog = 0;
		};
		C15475762ABE5217AAFA3DE3 /* [CP] Embed Pods Frameworks */ = {
			isa = PBXShellScriptBuildPhase;
			buildActionMask = 2147483647;
			files = (
			);
			inputFileListPaths = (
				"${PODS_ROOT}/Target Support Files/Pods-Mangadex/Pods-Mangadex-frameworks-${CONFIGURATION}-input-files.xcfilelist",
			);
			name = "[CP] Embed Pods Frameworks";
			outputFileListPaths = (
				"${PODS_ROOT}/Target Support Files/Pods-Mangadex/Pods-Mangadex-frameworks-${CONFIGURATION}-output-files.xcfilelist",
			);
			runOnlyForDeploymentPostprocessing = 0;
			shellPath = /bin/sh;
			shellScript = "\"${PODS_ROOT}/Target Support Files/Pods-Mangadex/Pods-Mangadex-frameworks.sh\"\n";
			showEnvVarsInLog = 0;
		};
/* End PBXShellScriptBuildPhase section */

/* Begin PBXSourcesBuildPhase section */
		004F7182264BF8EB00D61AEB /* Sources */ = {
			isa = PBXSourcesBuildPhase;
			buildActionMask = 2147483647;
			files = (
				0008101A2662647D009C1005 /* MDMangaTableView.swift in Sources */,
				00170964264FA3E6005BEE67 /* MDAuth.swift in Sources */,
				0008100F2661F681009C1005 /* MDLayoutHelper.swift in Sources */,
				00170966264FC9CB005BEE67 /* DashboardViewController.swift in Sources */,
				000810172662125B009C1005 /* MDStaredViewController.swift in Sources */,
				0025DADF2665D202006C6701 /* MDMangaDetailViewController.swift in Sources */,
				0008101226621229009C1005 /* MDTrendViewController.swift in Sources */,
				00CE072E2663B84E00ABFDB3 /* MDRemoteImage.swift in Sources */,
				00FC838E2663417D00AB0586 /* MDMangaTableCell.swift in Sources */,
				002208A12664904500B420DF /* MDThemeManager.swift in Sources */,
				004F718E264BF8EB00D61AEB /* ViewController.swift in Sources */,
				004F718A264BF8EB00D61AEB /* AppDelegate.swift in Sources */,
				004F7194264BF8EB00D61AEB /* Mangadex.xcdatamodeld in Sources */,
				004F718C264BF8EB00D61AEB /* SceneDelegate.swift in Sources */,
				00CE07302663C10000ABFDB3 /* MDRemoteText.swift in Sources */,
			);
			runOnlyForDeploymentPostprocessing = 0;
		};
		004F719B264BF8ED00D61AEB /* Sources */ = {
			isa = PBXSourcesBuildPhase;
			buildActionMask = 2147483647;
			files = (
				004F71A4264BF8ED00D61AEB /* MangadexTests.swift in Sources */,
			);
			runOnlyForDeploymentPostprocessing = 0;
		};
		004F71A6264BF8ED00D61AEB /* Sources */ = {
			isa = PBXSourcesBuildPhase;
			buildActionMask = 2147483647;
			files = (
				004F71AF264BF8ED00D61AEB /* MangadexUITests.swift in Sources */,
			);
			runOnlyForDeploymentPostprocessing = 0;
		};
/* End PBXSourcesBuildPhase section */

/* Begin PBXTargetDependency section */
		004F71A1264BF8ED00D61AEB /* PBXTargetDependency */ = {
			isa = PBXTargetDependency;
			target = 004F7185264BF8EB00D61AEB /* Mangadex */;
			targetProxy = 004F71A0264BF8ED00D61AEB /* PBXContainerItemProxy */;
		};
		004F71AC264BF8ED00D61AEB /* PBXTargetDependency */ = {
			isa = PBXTargetDependency;
			target = 004F7185264BF8EB00D61AEB /* Mangadex */;
			targetProxy = 004F71AB264BF8ED00D61AEB /* PBXContainerItemProxy */;
		};
/* End PBXTargetDependency section */

/* Begin PBXVariantGroup section */
		004F718F264BF8EB00D61AEB /* Main.storyboard */ = {
			isa = PBXVariantGroup;
			children = (
				004F7190264BF8EB00D61AEB /* Base */,
			);
			name = Main.storyboard;
			sourceTree = "<group>";
		};
		004F7197264BF8ED00D61AEB /* LaunchScreen.storyboard */ = {
			isa = PBXVariantGroup;
			children = (
				004F7198264BF8ED00D61AEB /* Base */,
			);
			name = LaunchScreen.storyboard;
			sourceTree = "<group>";
		};
/* End PBXVariantGroup section */

/* Begin XCBuildConfiguration section */
		004F71B1264BF8ED00D61AEB /* Debug */ = {
			isa = XCBuildConfiguration;
			buildSettings = {
				ALWAYS_SEARCH_USER_PATHS = NO;
				CLANG_ANALYZER_NONNULL = YES;
				CLANG_ANALYZER_NUMBER_OBJECT_CONVERSION = YES_AGGRESSIVE;
				CLANG_CXX_LANGUAGE_STANDARD = "gnu++14";
				CLANG_CXX_LIBRARY = "libc++";
				CLANG_ENABLE_MODULES = YES;
				CLANG_ENABLE_OBJC_ARC = YES;
				CLANG_ENABLE_OBJC_WEAK = YES;
				CLANG_WARN_BLOCK_CAPTURE_AUTORELEASING = YES;
				CLANG_WARN_BOOL_CONVERSION = YES;
				CLANG_WARN_COMMA = YES;
				CLANG_WARN_CONSTANT_CONVERSION = YES;
				CLANG_WARN_DEPRECATED_OBJC_IMPLEMENTATIONS = YES;
				CLANG_WARN_DIRECT_OBJC_ISA_USAGE = YES_ERROR;
				CLANG_WARN_DOCUMENTATION_COMMENTS = YES;
				CLANG_WARN_EMPTY_BODY = YES;
				CLANG_WARN_ENUM_CONVERSION = YES;
				CLANG_WARN_INFINITE_RECURSION = YES;
				CLANG_WARN_INT_CONVERSION = YES;
				CLANG_WARN_NON_LITERAL_NULL_CONVERSION = YES;
				CLANG_WARN_OBJC_IMPLICIT_RETAIN_SELF = YES;
				CLANG_WARN_OBJC_LITERAL_CONVERSION = YES;
				CLANG_WARN_OBJC_ROOT_CLASS = YES_ERROR;
				CLANG_WARN_QUOTED_INCLUDE_IN_FRAMEWORK_HEADER = YES;
				CLANG_WARN_RANGE_LOOP_ANALYSIS = YES;
				CLANG_WARN_STRICT_PROTOTYPES = YES;
				CLANG_WARN_SUSPICIOUS_MOVE = YES;
				CLANG_WARN_UNGUARDED_AVAILABILITY = YES_AGGRESSIVE;
				CLANG_WARN_UNREACHABLE_CODE = YES;
				CLANG_WARN__DUPLICATE_METHOD_MATCH = YES;
				COPY_PHASE_STRIP = NO;
				DEBUG_INFORMATION_FORMAT = dwarf;
				ENABLE_STRICT_OBJC_MSGSEND = YES;
				ENABLE_TESTABILITY = YES;
				GCC_C_LANGUAGE_STANDARD = gnu11;
				GCC_DYNAMIC_NO_PIC = NO;
				GCC_NO_COMMON_BLOCKS = YES;
				GCC_OPTIMIZATION_LEVEL = 0;
				GCC_PREPROCESSOR_DEFINITIONS = (
					"DEBUG=1",
					"$(inherited)",
				);
				GCC_WARN_64_TO_32_BIT_CONVERSION = YES;
				GCC_WARN_ABOUT_RETURN_TYPE = YES_ERROR;
				GCC_WARN_UNDECLARED_SELECTOR = YES;
				GCC_WARN_UNINITIALIZED_AUTOS = YES_AGGRESSIVE;
				GCC_WARN_UNUSED_FUNCTION = YES;
				GCC_WARN_UNUSED_VARIABLE = YES;
				IPHONEOS_DEPLOYMENT_TARGET = 14.5;
				MTL_ENABLE_DEBUG_INFO = INCLUDE_SOURCE;
				MTL_FAST_MATH = YES;
				ONLY_ACTIVE_ARCH = YES;
				SDKROOT = iphoneos;
				SWIFT_ACTIVE_COMPILATION_CONDITIONS = DEBUG;
				SWIFT_OPTIMIZATION_LEVEL = "-Onone";
			};
			name = Debug;
		};
		004F71B2264BF8ED00D61AEB /* Release */ = {
			isa = XCBuildConfiguration;
			buildSettings = {
				ALWAYS_SEARCH_USER_PATHS = NO;
				CLANG_ANALYZER_NONNULL = YES;
				CLANG_ANALYZER_NUMBER_OBJECT_CONVERSION = YES_AGGRESSIVE;
				CLANG_CXX_LANGUAGE_STANDARD = "gnu++14";
				CLANG_CXX_LIBRARY = "libc++";
				CLANG_ENABLE_MODULES = YES;
				CLANG_ENABLE_OBJC_ARC = YES;
				CLANG_ENABLE_OBJC_WEAK = YES;
				CLANG_WARN_BLOCK_CAPTURE_AUTORELEASING = YES;
				CLANG_WARN_BOOL_CONVERSION = YES;
				CLANG_WARN_COMMA = YES;
				CLANG_WARN_CONSTANT_CONVERSION = YES;
				CLANG_WARN_DEPRECATED_OBJC_IMPLEMENTATIONS = YES;
				CLANG_WARN_DIRECT_OBJC_ISA_USAGE = YES_ERROR;
				CLANG_WARN_DOCUMENTATION_COMMENTS = YES;
				CLANG_WARN_EMPTY_BODY = YES;
				CLANG_WARN_ENUM_CONVERSION = YES;
				CLANG_WARN_INFINITE_RECURSION = YES;
				CLANG_WARN_INT_CONVERSION = YES;
				CLANG_WARN_NON_LITERAL_NULL_CONVERSION = YES;
				CLANG_WARN_OBJC_IMPLICIT_RETAIN_SELF = YES;
				CLANG_WARN_OBJC_LITERAL_CONVERSION = YES;
				CLANG_WARN_OBJC_ROOT_CLASS = YES_ERROR;
				CLANG_WARN_QUOTED_INCLUDE_IN_FRAMEWORK_HEADER = YES;
				CLANG_WARN_RANGE_LOOP_ANALYSIS = YES;
				CLANG_WARN_STRICT_PROTOTYPES = YES;
				CLANG_WARN_SUSPICIOUS_MOVE = YES;
				CLANG_WARN_UNGUARDED_AVAILABILITY = YES_AGGRESSIVE;
				CLANG_WARN_UNREACHABLE_CODE = YES;
				CLANG_WARN__DUPLICATE_METHOD_MATCH = YES;
				COPY_PHASE_STRIP = NO;
				DEBUG_INFORMATION_FORMAT = "dwarf-with-dsym";
				ENABLE_NS_ASSERTIONS = NO;
				ENABLE_STRICT_OBJC_MSGSEND = YES;
				GCC_C_LANGUAGE_STANDARD = gnu11;
				GCC_NO_COMMON_BLOCKS = YES;
				GCC_WARN_64_TO_32_BIT_CONVERSION = YES;
				GCC_WARN_ABOUT_RETURN_TYPE = YES_ERROR;
				GCC_WARN_UNDECLARED_SELECTOR = YES;
				GCC_WARN_UNINITIALIZED_AUTOS = YES_AGGRESSIVE;
				GCC_WARN_UNUSED_FUNCTION = YES;
				GCC_WARN_UNUSED_VARIABLE = YES;
				IPHONEOS_DEPLOYMENT_TARGET = 14.5;
				MTL_ENABLE_DEBUG_INFO = NO;
				MTL_FAST_MATH = YES;
				SDKROOT = iphoneos;
				SWIFT_COMPILATION_MODE = wholemodule;
				SWIFT_OPTIMIZATION_LEVEL = "-O";
				VALIDATE_PRODUCT = YES;
			};
			name = Release;
		};
		004F71B4264BF8ED00D61AEB /* Debug */ = {
			isa = XCBuildConfiguration;
			baseConfigurationReference = A112F1BBD00A38531B364725 /* Pods-Mangadex.debug.xcconfig */;
			buildSettings = {
				ASSETCATALOG_COMPILER_APPICON_NAME = AppIcon;
				ASSETCATALOG_COMPILER_GLOBAL_ACCENT_COLOR_NAME = AccentColor;
				CODE_SIGN_STYLE = Automatic;
				DEVELOPMENT_TEAM = B4YJNS52DR;
				INFOPLIST_FILE = Mangadex/Info.plist;
				LD_RUNPATH_SEARCH_PATHS = (
					"$(inherited)",
					"@executable_path/Frameworks",
				);
				OTHER_LDFLAGS = (
					"$(inherited)",
					"-framework",
					"\"CoreGraphics\"",
					"-framework",
					"\"Just\"",
					"-framework",
					"\"MDFInternationalization\"",
					"-framework",
					"\"MDFTextAccessibility\"",
					"-framework",
					"\"MJRefresh\"",
					"-framework",
					"\"MaterialComponents\"",
					"-framework",
					"\"MotionAnimator\"",
					"-framework",
					"\"MotionInterchange\"",
					"-framework",
					"\"Pageboy\"",
					"-framework",
					"\"ProgressHUD\"",
					"-framework",
					"\"QuartzCore\"",
					"-framework",
					"\"SnapKit\"",
					"-framework",
					"\"SwiftyJSON\"",
					"-framework",
					"\"Tabman\"",
					"-framework",
					"\"WebKit\"",
				);
				PRODUCT_BUNDLE_IDENTIFIER = com.sokiraon.Mangadex;
				PRODUCT_NAME = "$(TARGET_NAME)";
				SWIFT_VERSION = 5.0;
				TARGETED_DEVICE_FAMILY = "1,2";
			};
			name = Debug;
		};
		004F71B5264BF8ED00D61AEB /* Release */ = {
			isa = XCBuildConfiguration;
			baseConfigurationReference = 91B3DEDE63E98E2543E7196D /* Pods-Mangadex.release.xcconfig */;
			buildSettings = {
				ASSETCATALOG_COMPILER_APPICON_NAME = AppIcon;
				ASSETCATALOG_COMPILER_GLOBAL_ACCENT_COLOR_NAME = AccentColor;
				CODE_SIGN_STYLE = Automatic;
				DEVELOPMENT_TEAM = B4YJNS52DR;
				INFOPLIST_FILE = Mangadex/Info.plist;
				LD_RUNPATH_SEARCH_PATHS = (
					"$(inherited)",
					"@executable_path/Frameworks",
				);
				PRODUCT_BUNDLE_IDENTIFIER = com.sokiraon.Mangadex;
				PRODUCT_NAME = "$(TARGET_NAME)";
				SWIFT_VERSION = 5.0;
				TARGETED_DEVICE_FAMILY = "1,2";
			};
			name = Release;
		};
		004F71B7264BF8ED00D61AEB /* Debug */ = {
			isa = XCBuildConfiguration;
			buildSettings = {
				ALWAYS_EMBED_SWIFT_STANDARD_LIBRARIES = YES;
				BUNDLE_LOADER = "$(TEST_HOST)";
				CODE_SIGN_STYLE = Automatic;
				DEVELOPMENT_TEAM = B4YJNS52DR;
				INFOPLIST_FILE = MangadexTests/Info.plist;
				IPHONEOS_DEPLOYMENT_TARGET = 14.4;
				LD_RUNPATH_SEARCH_PATHS = (
					"$(inherited)",
					"@executable_path/Frameworks",
					"@loader_path/Frameworks",
				);
				PRODUCT_BUNDLE_IDENTIFIER = com.sokiraon.MangadexTests;
				PRODUCT_NAME = "$(TARGET_NAME)";
				SWIFT_VERSION = 5.0;
				TARGETED_DEVICE_FAMILY = "1,2";
				TEST_HOST = "$(BUILT_PRODUCTS_DIR)/Mangadex.app/Mangadex";
			};
			name = Debug;
		};
		004F71B8264BF8ED00D61AEB /* Release */ = {
			isa = XCBuildConfiguration;
			buildSettings = {
				ALWAYS_EMBED_SWIFT_STANDARD_LIBRARIES = YES;
				BUNDLE_LOADER = "$(TEST_HOST)";
				CODE_SIGN_STYLE = Automatic;
				DEVELOPMENT_TEAM = B4YJNS52DR;
				INFOPLIST_FILE = MangadexTests/Info.plist;
				IPHONEOS_DEPLOYMENT_TARGET = 14.4;
				LD_RUNPATH_SEARCH_PATHS = (
					"$(inherited)",
					"@executable_path/Frameworks",
					"@loader_path/Frameworks",
				);
				PRODUCT_BUNDLE_IDENTIFIER = com.sokiraon.MangadexTests;
				PRODUCT_NAME = "$(TARGET_NAME)";
				SWIFT_VERSION = 5.0;
				TARGETED_DEVICE_FAMILY = "1,2";
				TEST_HOST = "$(BUILT_PRODUCTS_DIR)/Mangadex.app/Mangadex";
			};
			name = Release;
		};
		004F71BA264BF8ED00D61AEB /* Debug */ = {
			isa = XCBuildConfiguration;
			buildSettings = {
				ALWAYS_EMBED_SWIFT_STANDARD_LIBRARIES = YES;
				CODE_SIGN_STYLE = Automatic;
				DEVELOPMENT_TEAM = B4YJNS52DR;
				INFOPLIST_FILE = MangadexUITests/Info.plist;
				LD_RUNPATH_SEARCH_PATHS = (
					"$(inherited)",
					"@executable_path/Frameworks",
					"@loader_path/Frameworks",
				);
				PRODUCT_BUNDLE_IDENTIFIER = com.sokiraon.MangadexUITests;
				PRODUCT_NAME = "$(TARGET_NAME)";
				SWIFT_VERSION = 5.0;
				TARGETED_DEVICE_FAMILY = "1,2";
				TEST_TARGET_NAME = Mangadex;
			};
			name = Debug;
		};
		004F71BB264BF8ED00D61AEB /* Release */ = {
			isa = XCBuildConfiguration;
			buildSettings = {
				ALWAYS_EMBED_SWIFT_STANDARD_LIBRARIES = YES;
				CODE_SIGN_STYLE = Automatic;
				DEVELOPMENT_TEAM = B4YJNS52DR;
				INFOPLIST_FILE = MangadexUITests/Info.plist;
				LD_RUNPATH_SEARCH_PATHS = (
					"$(inherited)",
					"@executable_path/Frameworks",
					"@loader_path/Frameworks",
				);
				PRODUCT_BUNDLE_IDENTIFIER = com.sokiraon.MangadexUITests;
				PRODUCT_NAME = "$(TARGET_NAME)";
				SWIFT_VERSION = 5.0;
				TARGETED_DEVICE_FAMILY = "1,2";
				TEST_TARGET_NAME = Mangadex;
			};
			name = Release;
		};
/* End XCBuildConfiguration section */

/* Begin XCConfigurationList section */
		004F7181264BF8EB00D61AEB /* Build configuration list for PBXProject "Mangadex" */ = {
			isa = XCConfigurationList;
			buildConfigurations = (
				004F71B1264BF8ED00D61AEB /* Debug */,
				004F71B2264BF8ED00D61AEB /* Release */,
			);
			defaultConfigurationIsVisible = 0;
			defaultConfigurationName = Release;
		};
		004F71B3264BF8ED00D61AEB /* Build configuration list for PBXNativeTarget "Mangadex" */ = {
			isa = XCConfigurationList;
			buildConfigurations = (
				004F71B4264BF8ED00D61AEB /* Debug */,
				004F71B5264BF8ED00D61AEB /* Release */,
			);
			defaultConfigurationIsVisible = 0;
			defaultConfigurationName = Release;
		};
		004F71B6264BF8ED00D61AEB /* Build configuration list for PBXNativeTarget "MangadexTests" */ = {
			isa = XCConfigurationList;
			buildConfigurations = (
				004F71B7264BF8ED00D61AEB /* Debug */,
				004F71B8264BF8ED00D61AEB /* Release */,
			);
			defaultConfigurationIsVisible = 0;
			defaultConfigurationName = Release;
		};
		004F71B9264BF8ED00D61AEB /* Build configuration list for PBXNativeTarget "MangadexUITests" */ = {
			isa = XCConfigurationList;
			buildConfigurations = (
				004F71BA264BF8ED00D61AEB /* Debug */,
				004F71BB264BF8ED00D61AEB /* Release */,
			);
			defaultConfigurationIsVisible = 0;
			defaultConfigurationName = Release;
		};
/* End XCConfigurationList section */

/* Begin XCVersionGroup section */
		004F7192264BF8EB00D61AEB /* Mangadex.xcdatamodeld */ = {
			isa = XCVersionGroup;
			children = (
				004F7193264BF8EB00D61AEB /* Mangadex.xcdatamodel */,
			);
			currentVersion = 004F7193264BF8EB00D61AEB /* Mangadex.xcdatamodel */;
			path = Mangadex.xcdatamodeld;
			sourceTree = "<group>";
			versionGroupType = wrapper.xcdatamodel;
		};
/* End XCVersionGroup section */
	};
	rootObject = 004F717E264BF8EB00D61AEB /* Project object */;
}
