// !$*UTF8*$!
{
	archiveVersion = 1;
	classes = {
	};
	objectVersion = 51;
	objects = {

/* Begin PBXBuildFile section */
		0008100F2661F681009C1005 /* MDLayout.swift in Sources */ = {isa = PBXBuildFile; fileRef = 0008100E2661F681009C1005 /* MDLayout.swift */; };
		0008101226621229009C1005 /* MDBrowseMangaViewController.swift in Sources */ = {isa = PBXBuildFile; fileRef = 0008101126621229009C1005 /* MDBrowseMangaViewController.swift */; };
		000810172662125B009C1005 /* MDFollowedMangaViewController.swift in Sources */ = {isa = PBXBuildFile; fileRef = 000810162662125B009C1005 /* MDFollowedMangaViewController.swift */; };
		00170964264FA3E6005BEE67 /* MDUserManager.swift in Sources */ = {isa = PBXBuildFile; fileRef = 00170963264FA3E6005BEE67 /* MDUserManager.swift */; };
		00170966264FC9CB005BEE67 /* MDHomeTabViewController.swift in Sources */ = {isa = PBXBuildFile; fileRef = 00170965264FC9CB005BEE67 /* MDHomeTabViewController.swift */; };
		0025DADF2665D202006C6701 /* MDMangaDetailViewController.swift in Sources */ = {isa = PBXBuildFile; fileRef = 0025DADE2665D202006C6701 /* MDMangaDetailViewController.swift */; };
		00363096266F5BD80058BE25 /* MDViewController.swift in Sources */ = {isa = PBXBuildFile; fileRef = 00363095266F5BD80058BE25 /* MDViewController.swift */; };
		00363099266F676A0058BE25 /* MDNavigationController.swift in Sources */ = {isa = PBXBuildFile; fileRef = 00363098266F676A0058BE25 /* MDNavigationController.swift */; };
		0036309B266F74AF0058BE25 /* MDAppBar.swift in Sources */ = {isa = PBXBuildFile; fileRef = 0036309A266F74AF0058BE25 /* MDAppBar.swift */; };
		004F718A264BF8EB00D61AEB /* AppDelegate.swift in Sources */ = {isa = PBXBuildFile; fileRef = 004F7189264BF8EB00D61AEB /* AppDelegate.swift */; };
		004F718C264BF8EB00D61AEB /* SceneDelegate.swift in Sources */ = {isa = PBXBuildFile; fileRef = 004F718B264BF8EB00D61AEB /* SceneDelegate.swift */; };
		004F718E264BF8EB00D61AEB /* MDLoginViewController.swift in Sources */ = {isa = PBXBuildFile; fileRef = 004F718D264BF8EB00D61AEB /* MDLoginViewController.swift */; };
		004F7191264BF8EB00D61AEB /* Main.storyboard in Resources */ = {isa = PBXBuildFile; fileRef = 004F718F264BF8EB00D61AEB /* Main.storyboard */; };
		004F7194264BF8EB00D61AEB /* Mangadex.xcdatamodeld in Sources */ = {isa = PBXBuildFile; fileRef = 004F7192264BF8EB00D61AEB /* Mangadex.xcdatamodeld */; };
		004F7196264BF8ED00D61AEB /* Assets.xcassets in Resources */ = {isa = PBXBuildFile; fileRef = 004F7195264BF8ED00D61AEB /* Assets.xcassets */; };
		004F7199264BF8ED00D61AEB /* LaunchScreen.storyboard in Resources */ = {isa = PBXBuildFile; fileRef = 004F7197264BF8ED00D61AEB /* LaunchScreen.storyboard */; };
		004F71A4264BF8ED00D61AEB /* MangadexTests.swift in Sources */ = {isa = PBXBuildFile; fileRef = 004F71A3264BF8ED00D61AEB /* MangadexTests.swift */; };
		004F71AF264BF8ED00D61AEB /* MangadexUITests.swift in Sources */ = {isa = PBXBuildFile; fileRef = 004F71AE264BF8ED00D61AEB /* MangadexUITests.swift */; };
		05179A18279280EE0019D656 /* MDMangaListViewController.swift in Sources */ = {isa = PBXBuildFile; fileRef = 05179A17279280EE0019D656 /* MDMangaListViewController.swift */; };
		05179A1A27928E630019D656 /* MDMangaListCollectionCell.swift in Sources */ = {isa = PBXBuildFile; fileRef = 05179A1927928E630019D656 /* MDMangaListCollectionCell.swift */; };
		05179A1C2792AFD40019D656 /* UIEdgeInsets+Ext.swift in Sources */ = {isa = PBXBuildFile; fileRef = 05179A1B2792AFD40019D656 /* UIEdgeInsets+Ext.swift */; };
		052D5786275E4CDF004256B3 /* MangaItem.swift in Sources */ = {isa = PBXBuildFile; fileRef = 052D5785275E4CDF004256B3 /* MangaItem.swift */; };
		05FC8A2B2766F858009BB857 /* MDSettingsPopupView.swift in Sources */ = {isa = PBXBuildFile; fileRef = 05FC8A2A2766F858009BB857 /* MDSettingsPopupView.swift */; };
		390E727070B51E1DD65FF1CD /* UIButton+Ext.swift in Sources */ = {isa = PBXBuildFile; fileRef = 390E7D7536444595F3789E40 /* UIButton+Ext.swift */; };
		390E72BEB00D326BBAB6F4E8 /* MDCTextCard.swift in Sources */ = {isa = PBXBuildFile; fileRef = 390E7967A88951D82F181FF4 /* MDCTextCard.swift */; };
		390E73D01E67642D26A2255E /* MDShortTapGestureRecognizer.swift in Sources */ = {isa = PBXBuildFile; fileRef = 390E72DD8A45C476DD5ACBF5 /* MDShortTapGestureRecognizer.swift */; };
		390E743C931911C7A8789480 /* UIAlertController+Ext.swift in Sources */ = {isa = PBXBuildFile; fileRef = 390E71822C0B2EA3E7321523 /* UIAlertController+Ext.swift */; };
		390E7465241B692337FBC2C4 /* MDPreLoginViewController.swift in Sources */ = {isa = PBXBuildFile; fileRef = 390E7E9CF5A4AFBA1EA03F7E /* MDPreLoginViewController.swift */; };
		390E74A989CA31FE56F6481C /* UINavigationController+Ext.swift in Sources */ = {isa = PBXBuildFile; fileRef = 390E700F646A32DAFDAE432C /* UINavigationController+Ext.swift */; };
		390E77057AED63E9926A0B16 /* MDCCustomCard.swift in Sources */ = {isa = PBXBuildFile; fileRef = 390E76B7FEA46F75BBD714C3 /* MDCCustomCard.swift */; };
		390E771BF2B5495044099B8F /* UIScrollView+Ext.swift in Sources */ = {isa = PBXBuildFile; fileRef = 390E79A2381EB022968AF13C /* UIScrollView+Ext.swift */; };
		390E78B738C1AC7F9AE9B4B4 /* UILabel+Ext.swift in Sources */ = {isa = PBXBuildFile; fileRef = 390E7FB625ED52EC42C2BC05 /* UILabel+Ext.swift */; };
		390E79239F2BFBF545059C38 /* NSString+Ext.swift in Sources */ = {isa = PBXBuildFile; fileRef = 390E7EBF79AD8DB19C02F3E0 /* NSString+Ext.swift */; };
		390E7A55E702F87DC4EAB257 /* MDKeychain.swift in Sources */ = {isa = PBXBuildFile; fileRef = 390E756BDFB0EA839C22FD01 /* MDKeychain.swift */; };
		390E7AF4BBB6925DAE7FEC3A /* UIView+Ext.swift in Sources */ = {isa = PBXBuildFile; fileRef = 390E77D76060F0B415020713 /* UIView+Ext.swift */; };
		390E7B8FC16D467464DB04B6 /* UIImageView+Ext.swift in Sources */ = {isa = PBXBuildFile; fileRef = 390E70BADCF568FE4B44094B /* UIImageView+Ext.swift */; };
		390E7C573DFA5DFDCBD2A368 /* MDMangaTagDataModel.swift in Sources */ = {isa = PBXBuildFile; fileRef = 390E78A18602BCF1EAB6BADA /* MDMangaTagDataModel.swift */; };
		390E7D1693D2AB7EFB4E0551 /* UIColor+Ext.swift in Sources */ = {isa = PBXBuildFile; fileRef = 390E79EFFFCD328DAEC9D3FE /* UIColor+Ext.swift */; };
		390E7D504E76E74C243BEE18 /* MDLocale.swift in Sources */ = {isa = PBXBuildFile; fileRef = 390E765B11ECA5FCB12E29D5 /* MDLocale.swift */; };
		7A3319DC26AD36130015D9D1 /* MDPlistStoreManager.swift in Sources */ = {isa = PBXBuildFile; fileRef = 7A3319DB26AD36130015D9D1 /* MDPlistStoreManager.swift */; };
		7A3319DF26AD3C0B0015D9D1 /* MDMangaProgressManager.swift in Sources */ = {isa = PBXBuildFile; fileRef = 7A3319DE26AD3C0B0015D9D1 /* MDMangaProgressManager.swift */; };
		7A3FA32E26B4FDA100C4E2EF /* MDUserDefaultsManager.swift in Sources */ = {isa = PBXBuildFile; fileRef = 7A3FA32D26B4FDA100C4E2EF /* MDUserDefaultsManager.swift */; };
		7A53407A26886966003CE4C1 /* MDMangaDetailTabViewController.swift in Sources */ = {isa = PBXBuildFile; fileRef = 7A53407926886966003CE4C1 /* MDMangaDetailTabViewController.swift */; };
		7A53407D26886C82003CE4C1 /* MDMangaDetailChapterViewController.swift in Sources */ = {isa = PBXBuildFile; fileRef = 7A53407C26886C82003CE4C1 /* MDMangaDetailChapterViewController.swift */; };
		7A53407F26886CB4003CE4C1 /* MDMangaDetailInfoViewController.swift in Sources */ = {isa = PBXBuildFile; fileRef = 7A53407E26886CB4003CE4C1 /* MDMangaDetailInfoViewController.swift */; };
		7A53408326887D62003CE4C1 /* MDHTTPManager+User.swift in Sources */ = {isa = PBXBuildFile; fileRef = 7A53408226887D62003CE4C1 /* MDHTTPManager+User.swift */; };
		7A7544622686F8B700467EF1 /* MDHTTPManager+Chapter.swift in Sources */ = {isa = PBXBuildFile; fileRef = 7A7544612686F8B700467EF1 /* MDHTTPManager+Chapter.swift */; };
		7A7544642686FC3D00467EF1 /* MDMangaChapterDataModel.swift in Sources */ = {isa = PBXBuildFile; fileRef = 7A7544632686FC3D00467EF1 /* MDMangaChapterDataModel.swift */; };
		7A754466268709D900467EF1 /* MDMangaSlideCollectionCell.swift in Sources */ = {isa = PBXBuildFile; fileRef = 7A754465268709D900467EF1 /* MDMangaSlideCollectionCell.swift */; };
		7A75446C26885FFA00467EF1 /* Localizable.strings in Resources */ = {isa = PBXBuildFile; fileRef = 7A75446E26885FFA00467EF1 /* Localizable.strings */; };
		7A89D9BD267DAC9500E41147 /* MDHTTPManager.swift in Sources */ = {isa = PBXBuildFile; fileRef = 7A89D9BC267DAC9500E41147 /* MDHTTPManager.swift */; };
		7A89D9BF267DB8AF00E41147 /* MDHTTPManager+Manga.swift in Sources */ = {isa = PBXBuildFile; fileRef = 7A89D9BE267DB8AF00E41147 /* MDHTTPManager+Manga.swift */; };
		7A89D9C1267DC51500E41147 /* MDHTTPManager+Auth.swift in Sources */ = {isa = PBXBuildFile; fileRef = 7A89D9C0267DC51500E41147 /* MDHTTPManager+Auth.swift */; };
		7A89D9C3267DCA0200E41147 /* MDHTTPManager+Author.swift in Sources */ = {isa = PBXBuildFile; fileRef = 7A89D9C2267DCA0200E41147 /* MDHTTPManager+Author.swift */; };
		7A89D9C5267DD28A00E41147 /* MDMangaItemDataModel.swift in Sources */ = {isa = PBXBuildFile; fileRef = 7A89D9C4267DD28A00E41147 /* MDMangaItemDataModel.swift */; };
		7A9A5FF126C76F9B00196953 /* MDAccountSettingsSection.swift in Sources */ = {isa = PBXBuildFile; fileRef = 7A9A5FF026C76F9B00196953 /* MDAccountSettingsSection.swift */; };
		7A9A5FF426C76FD400196953 /* MDAccountSettingsCell.swift in Sources */ = {isa = PBXBuildFile; fileRef = 7A9A5FF326C76FD400196953 /* MDAccountSettingsCell.swift */; };
		7A9A5FF626C7743A00196953 /* CustomOperator.swift in Sources */ = {isa = PBXBuildFile; fileRef = 7A9A5FF526C7743A00196953 /* CustomOperator.swift */; };
		7A9A5FF826C8CF7700196953 /* MDRouter.swift in Sources */ = {isa = PBXBuildFile; fileRef = 7A9A5FF726C8CF7700196953 /* MDRouter.swift */; };
		7AACACAA267EE2E600232166 /* MDMangaVolumesDataModel.swift in Sources */ = {isa = PBXBuildFile; fileRef = 7AACACA9267EE2E600232166 /* MDMangaVolumesDataModel.swift */; };
		7AACACAE267EFD6B00232166 /* MDMangaChapterCollectionCell.swift in Sources */ = {isa = PBXBuildFile; fileRef = 7AACACAD267EFD6B00232166 /* MDMangaChapterCollectionCell.swift */; };
		7AACACB0267F34D400232166 /* MDSectionHeaderView.swift in Sources */ = {isa = PBXBuildFile; fileRef = 7AACACAF267F34D400232166 /* MDSectionHeaderView.swift */; };
		7AB4219426BF7907003A38BB /* NSObject+Ext.swift in Sources */ = {isa = PBXBuildFile; fileRef = 7AB4219326BF7907003A38BB /* NSObject+Ext.swift */; };
		7ABB61B82678D45300BF2860 /* DispatchQueue+once.swift in Sources */ = {isa = PBXBuildFile; fileRef = 7ABB61B72678D45300BF2860 /* DispatchQueue+once.swift */; };
		7ABB61BB2678D77500BF2860 /* MDAccountViewController.swift in Sources */ = {isa = PBXBuildFile; fileRef = 7ABB61BA2678D77500BF2860 /* MDAccountViewController.swift */; };
		7AD6BA1E26A8138C009FB2F5 /* UIScrollView+MJRefresh.m in Sources */ = {isa = PBXBuildFile; fileRef = 7AD6B9CE26A8138C009FB2F5 /* UIScrollView+MJRefresh.m */; };
		7AD6BA1F26A8138C009FB2F5 /* MJRefreshConst.m in Sources */ = {isa = PBXBuildFile; fileRef = 7AD6B9CF26A8138C009FB2F5 /* MJRefreshConst.m */; };
		7AD6BA2026A8138C009FB2F5 /* MJRefreshConfig.m in Sources */ = {isa = PBXBuildFile; fileRef = 7AD6B9D026A8138C009FB2F5 /* MJRefreshConfig.m */; };
		7AD6BA2126A8138C009FB2F5 /* MJRefresh.bundle in Resources */ = {isa = PBXBuildFile; fileRef = 7AD6B9D426A8138C009FB2F5 /* MJRefresh.bundle */; };
		7AD6BA2226A8138C009FB2F5 /* UIScrollView+MJExtension.m in Sources */ = {isa = PBXBuildFile; fileRef = 7AD6B9EF26A8138C009FB2F5 /* UIScrollView+MJExtension.m */; };
		7AD6BA2326A8138C009FB2F5 /* NSBundle+MJRefresh.m in Sources */ = {isa = PBXBuildFile; fileRef = 7AD6B9F326A8138C009FB2F5 /* NSBundle+MJRefresh.m */; };
		7AD6BA2426A8138C009FB2F5 /* UIView+MJExtension.m in Sources */ = {isa = PBXBuildFile; fileRef = 7AD6B9F426A8138C009FB2F5 /* UIView+MJExtension.m */; };
		7AD6BA2526A8138C009FB2F5 /* MJRefreshBackGifFooter.m in Sources */ = {isa = PBXBuildFile; fileRef = 7AD6B9FB26A8138C009FB2F5 /* MJRefreshBackGifFooter.m */; };
		7AD6BA2626A8138C009FB2F5 /* MJRefreshBackStateFooter.m in Sources */ = {isa = PBXBuildFile; fileRef = 7AD6B9FC26A8138C009FB2F5 /* MJRefreshBackStateFooter.m */; };
		7AD6BA2726A8138C009FB2F5 /* MJRefreshBackNormalFooter.m in Sources */ = {isa = PBXBuildFile; fileRef = 7AD6B9FD26A8138C009FB2F5 /* MJRefreshBackNormalFooter.m */; };
		7AD6BA2826A8138C009FB2F5 /* MJRefreshAutoStateFooter.m in Sources */ = {isa = PBXBuildFile; fileRef = 7AD6BA0226A8138C009FB2F5 /* MJRefreshAutoStateFooter.m */; };
		7AD6BA2926A8138C009FB2F5 /* MJRefreshAutoGifFooter.m in Sources */ = {isa = PBXBuildFile; fileRef = 7AD6BA0326A8138C009FB2F5 /* MJRefreshAutoGifFooter.m */; };
		7AD6BA2A26A8138C009FB2F5 /* MJRefreshAutoNormalFooter.m in Sources */ = {isa = PBXBuildFile; fileRef = 7AD6BA0426A8138C009FB2F5 /* MJRefreshAutoNormalFooter.m */; };
		7AD6BA2B26A8138C009FB2F5 /* MJRefreshStateTrailer.m in Sources */ = {isa = PBXBuildFile; fileRef = 7AD6BA0726A8138C009FB2F5 /* MJRefreshStateTrailer.m */; };
		7AD6BA2C26A8138C009FB2F5 /* MJRefreshNormalTrailer.m in Sources */ = {isa = PBXBuildFile; fileRef = 7AD6BA0826A8138C009FB2F5 /* MJRefreshNormalTrailer.m */; };
		7AD6BA2D26A8138C009FB2F5 /* MJRefreshNormalHeader.m in Sources */ = {isa = PBXBuildFile; fileRef = 7AD6BA0B26A8138C009FB2F5 /* MJRefreshNormalHeader.m */; };
		7AD6BA2E26A8138C009FB2F5 /* MJRefreshStateHeader.m in Sources */ = {isa = PBXBuildFile; fileRef = 7AD6BA0F26A8138C009FB2F5 /* MJRefreshStateHeader.m */; };
		7AD6BA2F26A8138C009FB2F5 /* MJRefreshGifHeader.m in Sources */ = {isa = PBXBuildFile; fileRef = 7AD6BA1026A8138C009FB2F5 /* MJRefreshGifHeader.m */; };
		7AD6BA3026A8138C009FB2F5 /* MJRefreshFooter.m in Sources */ = {isa = PBXBuildFile; fileRef = 7AD6BA1226A8138C009FB2F5 /* MJRefreshFooter.m */; };
		7AD6BA3126A8138C009FB2F5 /* MJRefreshHeader.m in Sources */ = {isa = PBXBuildFile; fileRef = 7AD6BA1426A8138C009FB2F5 /* MJRefreshHeader.m */; };
		7AD6BA3226A8138C009FB2F5 /* MJRefreshBackFooter.m in Sources */ = {isa = PBXBuildFile; fileRef = 7AD6BA1726A8138C009FB2F5 /* MJRefreshBackFooter.m */; };
		7AD6BA3326A8138C009FB2F5 /* MJRefreshAutoFooter.m in Sources */ = {isa = PBXBuildFile; fileRef = 7AD6BA1826A8138C009FB2F5 /* MJRefreshAutoFooter.m */; };
		7AD6BA3426A8138C009FB2F5 /* MJRefreshComponent.m in Sources */ = {isa = PBXBuildFile; fileRef = 7AD6BA1A26A8138C009FB2F5 /* MJRefreshComponent.m */; };
		7AD6BA3526A8138C009FB2F5 /* MJRefreshTrailer.m in Sources */ = {isa = PBXBuildFile; fileRef = 7AD6BA1D26A8138C009FB2F5 /* MJRefreshTrailer.m */; };
		7AD6BA3826A8142C009FB2F5 /* MJRefreshLeader.m in Sources */ = {isa = PBXBuildFile; fileRef = 7AD6BA3726A8142C009FB2F5 /* MJRefreshLeader.m */; };
		7AD6BA3C26A82593009FB2F5 /* MJRefreshNormalLeader.m in Sources */ = {isa = PBXBuildFile; fileRef = 7AD6BA3B26A82593009FB2F5 /* MJRefreshNormalLeader.m */; };
		7AD6BA3F26A825D7009FB2F5 /* MJRefreshStateLeader.m in Sources */ = {isa = PBXBuildFile; fileRef = 7AD6BA3E26A825D7009FB2F5 /* MJRefreshStateLeader.m */; };
		7AE229BE26C1170D00DA9C83 /* String+Ext.swift in Sources */ = {isa = PBXBuildFile; fileRef = 7AE229BD26C1170D00DA9C83 /* String+Ext.swift */; };
		7AFFAB08267F41F3003D7C75 /* MDMangaSlideViewController.swift in Sources */ = {isa = PBXBuildFile; fileRef = 7AFFAB07267F41F3003D7C75 /* MDMangaSlideViewController.swift */; };
		AACBCD357D406D58359E00F0 /* MDTriangleView.swift in Sources */ = {isa = PBXBuildFile; fileRef = AACBCC807A77747F8ACBA43D /* MDTriangleView.swift */; };
		B83B5607278863D000453E26 /* MDFormatter.swift in Sources */ = {isa = PBXBuildFile; fileRef = B83B5606278863CF00453E26 /* MDFormatter.swift */; };
		B86D2A7A278C31E00062F818 /* UICollectionView+Ext.swift in Sources */ = {isa = PBXBuildFile; fileRef = B86D2A79278C31E00062F818 /* UICollectionView+Ext.swift */; };
		B89F2462278BEA6500344EE3 /* MDButton.swift in Sources */ = {isa = PBXBuildFile; fileRef = B89F2461278BEA6500344EE3 /* MDButton.swift */; };
		B89F2464278BF34C00344EE3 /* MDColorSettingCollectionCell.swift in Sources */ = {isa = PBXBuildFile; fileRef = B89F2463278BF34C00344EE3 /* MDColorSettingCollectionCell.swift */; };
		B89F2466278C17F000344EE3 /* MDColorSettingsPopupView.swift in Sources */ = {isa = PBXBuildFile; fileRef = B89F2465278C17F000344EE3 /* MDColorSettingsPopupView.swift */; };
		B8E39736278E905700B42760 /* MDBaseSettingCollectionCell.swift in Sources */ = {isa = PBXBuildFile; fileRef = B8E39735278E905700B42760 /* MDBaseSettingCollectionCell.swift */; };
		B8E39738278EAF1100B42760 /* MDSettingsManager.swift in Sources */ = {isa = PBXBuildFile; fileRef = B8E39737278EAF1100B42760 /* MDSettingsManager.swift */; };
		B8E3973A278ECFE100B42760 /* MDLangSettingsPopupView.swift in Sources */ = {isa = PBXBuildFile; fileRef = B8E39739278ECFE100B42760 /* MDLangSettingsPopupView.swift */; };
		B8E3973C278ED0D000B42760 /* MDLangSettingCollectionCell.swift in Sources */ = {isa = PBXBuildFile; fileRef = B8E3973B278ED0D000B42760 /* MDLangSettingCollectionCell.swift */; };
		E91D0BB428A4FB3577929470 /* Pods_Mangadex.framework in Frameworks */ = {isa = PBXBuildFile; fileRef = DA1A80F2A7AA06BA47E5F86D /* Pods_Mangadex.framework */; };
/* End PBXBuildFile section */

/* Begin PBXContainerItemProxy section */
		004F71A0264BF8ED00D61AEB /* PBXContainerItemProxy */ = {
			isa = PBXContainerItemProxy;
			containerPortal = 004F717E264BF8EB00D61AEB /* Project object */;
			proxyType = 1;
			remoteGlobalIDString = 004F7185264BF8EB00D61AEB;
			remoteInfo = Mangadex;
		};
		004F71AB264BF8ED00D61AEB /* PBXContainerItemProxy */ = {
			isa = PBXContainerItemProxy;
			containerPortal = 004F717E264BF8EB00D61AEB /* Project object */;
			proxyType = 1;
			remoteGlobalIDString = 004F7185264BF8EB00D61AEB;
			remoteInfo = Mangadex;
		};
/* End PBXContainerItemProxy section */

/* Begin PBXFileReference section */
		0008100E2661F681009C1005 /* MDLayout.swift */ = {isa = PBXFileReference; lastKnownFileType = sourcecode.swift; path = MDLayout.swift; sourceTree = "<group>"; };
		0008101126621229009C1005 /* MDBrowseMangaViewController.swift */ = {isa = PBXFileReference; lastKnownFileType = sourcecode.swift; path = MDBrowseMangaViewController.swift; sourceTree = "<group>"; };
		000810162662125B009C1005 /* MDFollowedMangaViewController.swift */ = {isa = PBXFileReference; lastKnownFileType = sourcecode.swift; path = MDFollowedMangaViewController.swift; sourceTree = "<group>"; };
		00170963264FA3E6005BEE67 /* MDUserManager.swift */ = {isa = PBXFileReference; lastKnownFileType = sourcecode.swift; path = MDUserManager.swift; sourceTree = "<group>"; };
		00170965264FC9CB005BEE67 /* MDHomeTabViewController.swift */ = {isa = PBXFileReference; lastKnownFileType = sourcecode.swift; path = MDHomeTabViewController.swift; sourceTree = "<group>"; };
		0025DADE2665D202006C6701 /* MDMangaDetailViewController.swift */ = {isa = PBXFileReference; lastKnownFileType = sourcecode.swift; path = MDMangaDetailViewController.swift; sourceTree = "<group>"; };
		00363095266F5BD80058BE25 /* MDViewController.swift */ = {isa = PBXFileReference; lastKnownFileType = sourcecode.swift; path = MDViewController.swift; sourceTree = "<group>"; };
		00363098266F676A0058BE25 /* MDNavigationController.swift */ = {isa = PBXFileReference; lastKnownFileType = sourcecode.swift; path = MDNavigationController.swift; sourceTree = "<group>"; };
		0036309A266F74AF0058BE25 /* MDAppBar.swift */ = {isa = PBXFileReference; lastKnownFileType = sourcecode.swift; path = MDAppBar.swift; sourceTree = "<group>"; };
		004F7186264BF8EB00D61AEB /* Mangadex.app */ = {isa = PBXFileReference; explicitFileType = wrapper.application; includeInIndex = 0; path = Mangadex.app; sourceTree = BUILT_PRODUCTS_DIR; };
		004F7189264BF8EB00D61AEB /* AppDelegate.swift */ = {isa = PBXFileReference; lastKnownFileType = sourcecode.swift; path = AppDelegate.swift; sourceTree = "<group>"; };
		004F718B264BF8EB00D61AEB /* SceneDelegate.swift */ = {isa = PBXFileReference; lastKnownFileType = sourcecode.swift; path = SceneDelegate.swift; sourceTree = "<group>"; };
		004F718D264BF8EB00D61AEB /* MDLoginViewController.swift */ = {isa = PBXFileReference; lastKnownFileType = sourcecode.swift; path = MDLoginViewController.swift; sourceTree = "<group>"; };
		004F7190264BF8EB00D61AEB /* Base */ = {isa = PBXFileReference; lastKnownFileType = file.storyboard; name = Base; path = Base.lproj/Main.storyboard; sourceTree = "<group>"; };
		004F7193264BF8EB00D61AEB /* Mangadex.xcdatamodel */ = {isa = PBXFileReference; lastKnownFileType = wrapper.xcdatamodel; path = Mangadex.xcdatamodel; sourceTree = "<group>"; };
		004F7195264BF8ED00D61AEB /* Assets.xcassets */ = {isa = PBXFileReference; lastKnownFileType = folder.assetcatalog; path = Assets.xcassets; sourceTree = "<group>"; };
		004F7198264BF8ED00D61AEB /* Base */ = {isa = PBXFileReference; lastKnownFileType = file.storyboard; name = Base; path = Base.lproj/LaunchScreen.storyboard; sourceTree = "<group>"; };
		004F719A264BF8ED00D61AEB /* Info.plist */ = {isa = PBXFileReference; lastKnownFileType = text.plist.xml; path = Info.plist; sourceTree = "<group>"; };
		004F719F264BF8ED00D61AEB /* MangadexTests.xctest */ = {isa = PBXFileReference; explicitFileType = wrapper.cfbundle; includeInIndex = 0; path = MangadexTests.xctest; sourceTree = BUILT_PRODUCTS_DIR; };
		004F71A3264BF8ED00D61AEB /* MangadexTests.swift */ = {isa = PBXFileReference; lastKnownFileType = sourcecode.swift; path = MangadexTests.swift; sourceTree = "<group>"; };
		004F71A5264BF8ED00D61AEB /* Info.plist */ = {isa = PBXFileReference; lastKnownFileType = text.plist.xml; path = Info.plist; sourceTree = "<group>"; };
		004F71AA264BF8ED00D61AEB /* MangadexUITests.xctest */ = {isa = PBXFileReference; explicitFileType = wrapper.cfbundle; includeInIndex = 0; path = MangadexUITests.xctest; sourceTree = BUILT_PRODUCTS_DIR; };
		004F71AE264BF8ED00D61AEB /* MangadexUITests.swift */ = {isa = PBXFileReference; lastKnownFileType = sourcecode.swift; path = MangadexUITests.swift; sourceTree = "<group>"; };
		004F71B0264BF8ED00D61AEB /* Info.plist */ = {isa = PBXFileReference; lastKnownFileType = text.plist.xml; path = Info.plist; sourceTree = "<group>"; };
		05179A17279280EE0019D656 /* MDMangaListViewController.swift */ = {isa = PBXFileReference; lastKnownFileType = sourcecode.swift; path = MDMangaListViewController.swift; sourceTree = "<group>"; };
		05179A1927928E630019D656 /* MDMangaListCollectionCell.swift */ = {isa = PBXFileReference; lastKnownFileType = sourcecode.swift; path = MDMangaListCollectionCell.swift; sourceTree = "<group>"; };
		05179A1B2792AFD40019D656 /* UIEdgeInsets+Ext.swift */ = {isa = PBXFileReference; lastKnownFileType = sourcecode.swift; path = "UIEdgeInsets+Ext.swift"; sourceTree = "<group>"; };
		052D5785275E4CDF004256B3 /* MangaItem.swift */ = {isa = PBXFileReference; lastKnownFileType = sourcecode.swift; path = MangaItem.swift; sourceTree = "<group>"; };
		05FC8A2A2766F858009BB857 /* MDSettingsPopupView.swift */ = {isa = PBXFileReference; lastKnownFileType = sourcecode.swift; path = MDSettingsPopupView.swift; sourceTree = "<group>"; };
		390E700F646A32DAFDAE432C /* UINavigationController+Ext.swift */ = {isa = PBXFileReference; fileEncoding = 4; lastKnownFileType = sourcecode.swift; path = "UINavigationController+Ext.swift"; sourceTree = "<group>"; };
		390E70BADCF568FE4B44094B /* UIImageView+Ext.swift */ = {isa = PBXFileReference; fileEncoding = 4; lastKnownFileType = sourcecode.swift; path = "UIImageView+Ext.swift"; sourceTree = "<group>"; };
		390E71822C0B2EA3E7321523 /* UIAlertController+Ext.swift */ = {isa = PBXFileReference; fileEncoding = 4; lastKnownFileType = sourcecode.swift; path = "UIAlertController+Ext.swift"; sourceTree = "<group>"; };
		390E72DD8A45C476DD5ACBF5 /* MDShortTapGestureRecognizer.swift */ = {isa = PBXFileReference; fileEncoding = 4; lastKnownFileType = sourcecode.swift; path = MDShortTapGestureRecognizer.swift; sourceTree = "<group>"; };
		390E756BDFB0EA839C22FD01 /* MDKeychain.swift */ = {isa = PBXFileReference; fileEncoding = 4; lastKnownFileType = sourcecode.swift; path = MDKeychain.swift; sourceTree = "<group>"; };
		390E765B11ECA5FCB12E29D5 /* MDLocale.swift */ = {isa = PBXFileReference; fileEncoding = 4; lastKnownFileType = sourcecode.swift; path = MDLocale.swift; sourceTree = "<group>"; };
		390E76B7FEA46F75BBD714C3 /* MDCCustomCard.swift */ = {isa = PBXFileReference; fileEncoding = 4; lastKnownFileType = sourcecode.swift; path = MDCCustomCard.swift; sourceTree = "<group>"; };
		390E77D76060F0B415020713 /* UIView+Ext.swift */ = {isa = PBXFileReference; fileEncoding = 4; lastKnownFileType = sourcecode.swift; path = "UIView+Ext.swift"; sourceTree = "<group>"; };
		390E78A18602BCF1EAB6BADA /* MDMangaTagDataModel.swift */ = {isa = PBXFileReference; fileEncoding = 4; lastKnownFileType = sourcecode.swift; path = MDMangaTagDataModel.swift; sourceTree = "<group>"; };
		390E7967A88951D82F181FF4 /* MDCTextCard.swift */ = {isa = PBXFileReference; fileEncoding = 4; lastKnownFileType = sourcecode.swift; path = MDCTextCard.swift; sourceTree = "<group>"; };
		390E79A2381EB022968AF13C /* UIScrollView+Ext.swift */ = {isa = PBXFileReference; fileEncoding = 4; lastKnownFileType = sourcecode.swift; path = "UIScrollView+Ext.swift"; sourceTree = "<group>"; };
		390E79EFFFCD328DAEC9D3FE /* UIColor+Ext.swift */ = {isa = PBXFileReference; fileEncoding = 4; lastKnownFileType = sourcecode.swift; path = "UIColor+Ext.swift"; sourceTree = "<group>"; };
		390E7D7536444595F3789E40 /* UIButton+Ext.swift */ = {isa = PBXFileReference; fileEncoding = 4; lastKnownFileType = sourcecode.swift; path = "UIButton+Ext.swift"; sourceTree = "<group>"; };
		390E7E9CF5A4AFBA1EA03F7E /* MDPreLoginViewController.swift */ = {isa = PBXFileReference; fileEncoding = 4; lastKnownFileType = sourcecode.swift; path = MDPreLoginViewController.swift; sourceTree = "<group>"; };
		390E7EBF79AD8DB19C02F3E0 /* NSString+Ext.swift */ = {isa = PBXFileReference; fileEncoding = 4; lastKnownFileType = sourcecode.swift; path = "NSString+Ext.swift"; sourceTree = "<group>"; };
		390E7FB625ED52EC42C2BC05 /* UILabel+Ext.swift */ = {isa = PBXFileReference; fileEncoding = 4; lastKnownFileType = sourcecode.swift; path = "UILabel+Ext.swift"; sourceTree = "<group>"; };
		7A16E01D26A42D080012C786 /* Mangadex-Bridging-Header.h */ = {isa = PBXFileReference; lastKnownFileType = sourcecode.c.h; path = "Mangadex-Bridging-Header.h"; sourceTree = "<group>"; };
		7A3319DB26AD36130015D9D1 /* MDPlistStoreManager.swift */ = {isa = PBXFileReference; lastKnownFileType = sourcecode.swift; path = MDPlistStoreManager.swift; sourceTree = "<group>"; };
		7A3319DE26AD3C0B0015D9D1 /* MDMangaProgressManager.swift */ = {isa = PBXFileReference; lastKnownFileType = sourcecode.swift; path = MDMangaProgressManager.swift; sourceTree = "<group>"; };
		7A3FA32D26B4FDA100C4E2EF /* MDUserDefaultsManager.swift */ = {isa = PBXFileReference; lastKnownFileType = sourcecode.swift; path = MDUserDefaultsManager.swift; sourceTree = "<group>"; };
		7A53407826886258003CE4C1 /* zh-Hans */ = {isa = PBXFileReference; lastKnownFileType = text.plist.strings; name = "zh-Hans"; path = "zh-Hans.lproj/Localizable.strings"; sourceTree = "<group>"; };
		7A53407926886966003CE4C1 /* MDMangaDetailTabViewController.swift */ = {isa = PBXFileReference; lastKnownFileType = sourcecode.swift; path = MDMangaDetailTabViewController.swift; sourceTree = "<group>"; };
		7A53407C26886C82003CE4C1 /* MDMangaDetailChapterViewController.swift */ = {isa = PBXFileReference; lastKnownFileType = sourcecode.swift; path = MDMangaDetailChapterViewController.swift; sourceTree = "<group>"; };
		7A53407E26886CB4003CE4C1 /* MDMangaDetailInfoViewController.swift */ = {isa = PBXFileReference; lastKnownFileType = sourcecode.swift; path = MDMangaDetailInfoViewController.swift; sourceTree = "<group>"; };
		7A53408226887D62003CE4C1 /* MDHTTPManager+User.swift */ = {isa = PBXFileReference; lastKnownFileType = sourcecode.swift; path = "MDHTTPManager+User.swift"; sourceTree = "<group>"; };
		7A7544612686F8B700467EF1 /* MDHTTPManager+Chapter.swift */ = {isa = PBXFileReference; lastKnownFileType = sourcecode.swift; path = "MDHTTPManager+Chapter.swift"; sourceTree = "<group>"; };
		7A7544632686FC3D00467EF1 /* MDMangaChapterDataModel.swift */ = {isa = PBXFileReference; lastKnownFileType = sourcecode.swift; path = MDMangaChapterDataModel.swift; sourceTree = "<group>"; };
		7A754465268709D900467EF1 /* MDMangaSlideCollectionCell.swift */ = {isa = PBXFileReference; lastKnownFileType = sourcecode.swift; path = MDMangaSlideCollectionCell.swift; sourceTree = "<group>"; };
		7A75446D26885FFA00467EF1 /* en */ = {isa = PBXFileReference; lastKnownFileType = text.plist.strings; name = en; path = en.lproj/Localizable.strings; sourceTree = "<group>"; };
		7A75993F26901AC700A20E64 /* Mangadex.entitlements */ = {isa = PBXFileReference; lastKnownFileType = text.plist.entitlements; path = Mangadex.entitlements; sourceTree = "<group>"; };
		7A89D9BC267DAC9500E41147 /* MDHTTPManager.swift */ = {isa = PBXFileReference; lastKnownFileType = sourcecode.swift; path = MDHTTPManager.swift; sourceTree = "<group>"; };
		7A89D9BE267DB8AF00E41147 /* MDHTTPManager+Manga.swift */ = {isa = PBXFileReference; lastKnownFileType = sourcecode.swift; path = "MDHTTPManager+Manga.swift"; sourceTree = "<group>"; };
		7A89D9C0267DC51500E41147 /* MDHTTPManager+Auth.swift */ = {isa = PBXFileReference; lastKnownFileType = sourcecode.swift; path = "MDHTTPManager+Auth.swift"; sourceTree = "<group>"; };
		7A89D9C2267DCA0200E41147 /* MDHTTPManager+Author.swift */ = {isa = PBXFileReference; lastKnownFileType = sourcecode.swift; path = "MDHTTPManager+Author.swift"; sourceTree = "<group>"; };
		7A89D9C4267DD28A00E41147 /* MDMangaItemDataModel.swift */ = {isa = PBXFileReference; lastKnownFileType = sourcecode.swift; path = MDMangaItemDataModel.swift; sourceTree = "<group>"; };
		7A9A5FF026C76F9B00196953 /* MDAccountSettingsSection.swift */ = {isa = PBXFileReference; lastKnownFileType = sourcecode.swift; path = MDAccountSettingsSection.swift; sourceTree = "<group>"; };
		7A9A5FF326C76FD400196953 /* MDAccountSettingsCell.swift */ = {isa = PBXFileReference; lastKnownFileType = sourcecode.swift; path = MDAccountSettingsCell.swift; sourceTree = "<group>"; };
		7A9A5FF526C7743A00196953 /* CustomOperator.swift */ = {isa = PBXFileReference; lastKnownFileType = sourcecode.swift; path = CustomOperator.swift; sourceTree = "<group>"; };
		7A9A5FF726C8CF7700196953 /* MDRouter.swift */ = {isa = PBXFileReference; lastKnownFileType = sourcecode.swift; path = MDRouter.swift; sourceTree = "<group>"; };
		7AACACA9267EE2E600232166 /* MDMangaVolumesDataModel.swift */ = {isa = PBXFileReference; lastKnownFileType = sourcecode.swift; path = MDMangaVolumesDataModel.swift; sourceTree = "<group>"; };
		7AACACAD267EFD6B00232166 /* MDMangaChapterCollectionCell.swift */ = {isa = PBXFileReference; lastKnownFileType = sourcecode.swift; path = MDMangaChapterCollectionCell.swift; sourceTree = "<group>"; };
		7AACACAF267F34D400232166 /* MDSectionHeaderView.swift */ = {isa = PBXFileReference; lastKnownFileType = sourcecode.swift; path = MDSectionHeaderView.swift; sourceTree = "<group>"; };
		7AB4219326BF7907003A38BB /* NSObject+Ext.swift */ = {isa = PBXFileReference; lastKnownFileType = sourcecode.swift; path = "NSObject+Ext.swift"; sourceTree = "<group>"; };
		7ABB61B72678D45300BF2860 /* DispatchQueue+once.swift */ = {isa = PBXFileReference; lastKnownFileType = sourcecode.swift; path = "DispatchQueue+once.swift"; sourceTree = "<group>"; };
		7ABB61BA2678D77500BF2860 /* MDAccountViewController.swift */ = {isa = PBXFileReference; lastKnownFileType = sourcecode.swift; path = MDAccountViewController.swift; sourceTree = "<group>"; };
		7AD6B9CE26A8138C009FB2F5 /* UIScrollView+MJRefresh.m */ = {isa = PBXFileReference; fileEncoding = 4; lastKnownFileType = sourcecode.c.objc; path = "UIScrollView+MJRefresh.m"; sourceTree = "<group>"; };
		7AD6B9CF26A8138C009FB2F5 /* MJRefreshConst.m */ = {isa = PBXFileReference; fileEncoding = 4; lastKnownFileType = sourcecode.c.objc; path = MJRefreshConst.m; sourceTree = "<group>"; };
		7AD6B9D026A8138C009FB2F5 /* MJRefreshConfig.m */ = {isa = PBXFileReference; fileEncoding = 4; lastKnownFileType = sourcecode.c.objc; path = MJRefreshConfig.m; sourceTree = "<group>"; };
		7AD6B9D126A8138C009FB2F5 /* UIScrollView+MJExtension.h */ = {isa = PBXFileReference; fileEncoding = 4; lastKnownFileType = sourcecode.c.h; path = "UIScrollView+MJExtension.h"; sourceTree = "<group>"; };
		7AD6B9D226A8138C009FB2F5 /* MJRefresh.h */ = {isa = PBXFileReference; fileEncoding = 4; lastKnownFileType = sourcecode.c.h; path = MJRefresh.h; sourceTree = "<group>"; };
		7AD6B9D326A8138C009FB2F5 /* NSBundle+MJRefresh.h */ = {isa = PBXFileReference; fileEncoding = 4; lastKnownFileType = sourcecode.c.h; path = "NSBundle+MJRefresh.h"; sourceTree = "<group>"; };
		7AD6B9D426A8138C009FB2F5 /* MJRefresh.bundle */ = {isa = PBXFileReference; lastKnownFileType = "wrapper.plug-in"; path = MJRefresh.bundle; sourceTree = "<group>"; };
		7AD6B9D526A8138C009FB2F5 /* UIView+MJExtension.h */ = {isa = PBXFileReference; fileEncoding = 4; lastKnownFileType = sourcecode.c.h; path = "UIView+MJExtension.h"; sourceTree = "<group>"; };
		7AD6B9D726A8138C009FB2F5 /* MJRefreshComponent.h */ = {isa = PBXFileReference; fileEncoding = 4; lastKnownFileType = sourcecode.c.h; path = MJRefreshComponent.h; sourceTree = "<group>"; };
		7AD6B9D826A8138C009FB2F5 /* UIScrollView+MJExtension.h */ = {isa = PBXFileReference; fileEncoding = 4; lastKnownFileType = sourcecode.c.h; path = "UIScrollView+MJExtension.h"; sourceTree = "<group>"; };
		7AD6B9D926A8138C009FB2F5 /* MJRefreshAutoStateFooter.h */ = {isa = PBXFileReference; fileEncoding = 4; lastKnownFileType = sourcecode.c.h; path = MJRefreshAutoStateFooter.h; sourceTree = "<group>"; };
		7AD6B9DA26A8138C009FB2F5 /* MJRefreshAutoFooter.h */ = {isa = PBXFileReference; fileEncoding = 4; lastKnownFileType = sourcecode.c.h; path = MJRefreshAutoFooter.h; sourceTree = "<group>"; };
		7AD6B9DB26A8138C009FB2F5 /* MJRefreshNormalTrailer.h */ = {isa = PBXFileReference; fileEncoding = 4; lastKnownFileType = sourcecode.c.h; path = MJRefreshNormalTrailer.h; sourceTree = "<group>"; };
		7AD6B9DC26A8138C009FB2F5 /* MJRefresh.h */ = {isa = PBXFileReference; fileEncoding = 4; lastKnownFileType = sourcecode.c.h; path = MJRefresh.h; sourceTree = "<group>"; };
		7AD6B9DD26A8138C009FB2F5 /* NSBundle+MJRefresh.h */ = {isa = PBXFileReference; fileEncoding = 4; lastKnownFileType = sourcecode.c.h; path = "NSBundle+MJRefresh.h"; sourceTree = "<group>"; };
		7AD6B9DE26A8138C009FB2F5 /* MJRefreshBackGifFooter.h */ = {isa = PBXFileReference; fileEncoding = 4; lastKnownFileType = sourcecode.c.h; path = MJRefreshBackGifFooter.h; sourceTree = "<group>"; };
		7AD6B9DF26A8138C009FB2F5 /* MJRefreshBackStateFooter.h */ = {isa = PBXFileReference; fileEncoding = 4; lastKnownFileType = sourcecode.c.h; path = MJRefreshBackStateFooter.h; sourceTree = "<group>"; };
		7AD6B9E026A8138C009FB2F5 /* UIView+MJExtension.h */ = {isa = PBXFileReference; fileEncoding = 4; lastKnownFileType = sourcecode.c.h; path = "UIView+MJExtension.h"; sourceTree = "<group>"; };
		7AD6B9E126A8138C009FB2F5 /* MJRefreshBackNormalFooter.h */ = {isa = PBXFileReference; fileEncoding = 4; lastKnownFileType = sourcecode.c.h; path = MJRefreshBackNormalFooter.h; sourceTree = "<group>"; };
		7AD6B9E226A8138C009FB2F5 /* MJRefreshAutoNormalFooter.h */ = {isa = PBXFileReference; fileEncoding = 4; lastKnownFileType = sourcecode.c.h; path = MJRefreshAutoNormalFooter.h; sourceTree = "<group>"; };
		7AD6B9E326A8138C009FB2F5 /* MJRefreshTrailer.h */ = {isa = PBXFileReference; fileEncoding = 4; lastKnownFileType = sourcecode.c.h; path = MJRefreshTrailer.h; sourceTree = "<group>"; };
		7AD6B9E426A8138C009FB2F5 /* MJRefreshStateHeader.h */ = {isa = PBXFileReference; fileEncoding = 4; lastKnownFileType = sourcecode.c.h; path = MJRefreshStateHeader.h; sourceTree = "<group>"; };
		7AD6B9E526A8138C009FB2F5 /* MJRefreshGifHeader.h */ = {isa = PBXFileReference; fileEncoding = 4; lastKnownFileType = sourcecode.c.h; path = MJRefreshGifHeader.h; sourceTree = "<group>"; };
		7AD6B9E626A8138C009FB2F5 /* MJRefreshAutoGifFooter.h */ = {isa = PBXFileReference; fileEncoding = 4; lastKnownFileType = sourcecode.c.h; path = MJRefreshAutoGifFooter.h; sourceTree = "<group>"; };
		7AD6B9E726A8138C009FB2F5 /* MJRefreshHeader.h */ = {isa = PBXFileReference; fileEncoding = 4; lastKnownFileType = sourcecode.c.h; path = MJRefreshHeader.h; sourceTree = "<group>"; };
		7AD6B9E826A8138C009FB2F5 /* MJRefreshFooter.h */ = {isa = PBXFileReference; fileEncoding = 4; lastKnownFileType = sourcecode.c.h; path = MJRefreshFooter.h; sourceTree = "<group>"; };
		7AD6B9E926A8138C009FB2F5 /* MJRefreshConfig.h */ = {isa = PBXFileReference; fileEncoding = 4; lastKnownFileType = sourcecode.c.h; path = MJRefreshConfig.h; sourceTree = "<group>"; };
		7AD6B9EA26A8138C009FB2F5 /* MJRefreshConst.h */ = {isa = PBXFileReference; fileEncoding = 4; lastKnownFileType = sourcecode.c.h; path = MJRefreshConst.h; sourceTree = "<group>"; };
		7AD6B9EB26A8138C009FB2F5 /* UIScrollView+MJRefresh.h */ = {isa = PBXFileReference; fileEncoding = 4; lastKnownFileType = sourcecode.c.h; path = "UIScrollView+MJRefresh.h"; sourceTree = "<group>"; };
		7AD6B9EC26A8138C009FB2F5 /* MJRefreshNormalHeader.h */ = {isa = PBXFileReference; fileEncoding = 4; lastKnownFileType = sourcecode.c.h; path = MJRefreshNormalHeader.h; sourceTree = "<group>"; };
		7AD6B9ED26A8138C009FB2F5 /* MJRefreshStateTrailer.h */ = {isa = PBXFileReference; fileEncoding = 4; lastKnownFileType = sourcecode.c.h; path = MJRefreshStateTrailer.h; sourceTree = "<group>"; };
		7AD6B9EE26A8138C009FB2F5 /* MJRefreshBackFooter.h */ = {isa = PBXFileReference; fileEncoding = 4; lastKnownFileType = sourcecode.c.h; path = MJRefreshBackFooter.h; sourceTree = "<group>"; };
		7AD6B9EF26A8138C009FB2F5 /* UIScrollView+MJExtension.m */ = {isa = PBXFileReference; fileEncoding = 4; lastKnownFileType = sourcecode.c.objc; path = "UIScrollView+MJExtension.m"; sourceTree = "<group>"; };
		7AD6B9F026A8138C009FB2F5 /* MJRefreshConfig.h */ = {isa = PBXFileReference; fileEncoding = 4; lastKnownFileType = sourcecode.c.h; path = MJRefreshConfig.h; sourceTree = "<group>"; };
		7AD6B9F126A8138C009FB2F5 /* MJRefreshConst.h */ = {isa = PBXFileReference; fileEncoding = 4; lastKnownFileType = sourcecode.c.h; path = MJRefreshConst.h; sourceTree = "<group>"; };
		7AD6B9F226A8138C009FB2F5 /* UIScrollView+MJRefresh.h */ = {isa = PBXFileReference; fileEncoding = 4; lastKnownFileType = sourcecode.c.h; path = "UIScrollView+MJRefresh.h"; sourceTree = "<group>"; };
		7AD6B9F326A8138C009FB2F5 /* NSBundle+MJRefresh.m */ = {isa = PBXFileReference; fileEncoding = 4; lastKnownFileType = sourcecode.c.objc; path = "NSBundle+MJRefresh.m"; sourceTree = "<group>"; };
		7AD6B9F426A8138C009FB2F5 /* UIView+MJExtension.m */ = {isa = PBXFileReference; fileEncoding = 4; lastKnownFileType = sourcecode.c.objc; path = "UIView+MJExtension.m"; sourceTree = "<group>"; };
		7AD6B9F826A8138C009FB2F5 /* MJRefreshBackGifFooter.h */ = {isa = PBXFileReference; fileEncoding = 4; lastKnownFileType = sourcecode.c.h; path = MJRefreshBackGifFooter.h; sourceTree = "<group>"; };
		7AD6B9F926A8138C009FB2F5 /* MJRefreshBackStateFooter.h */ = {isa = PBXFileReference; fileEncoding = 4; lastKnownFileType = sourcecode.c.h; path = MJRefreshBackStateFooter.h; sourceTree = "<group>"; };
		7AD6B9FA26A8138C009FB2F5 /* MJRefreshBackNormalFooter.h */ = {isa = PBXFileReference; fileEncoding = 4; lastKnownFileType = sourcecode.c.h; path = MJRefreshBackNormalFooter.h; sourceTree = "<group>"; };
		7AD6B9FB26A8138C009FB2F5 /* MJRefreshBackGifFooter.m */ = {isa = PBXFileReference; fileEncoding = 4; lastKnownFileType = sourcecode.c.objc; path = MJRefreshBackGifFooter.m; sourceTree = "<group>"; };
		7AD6B9FC26A8138C009FB2F5 /* MJRefreshBackStateFooter.m */ = {isa = PBXFileReference; fileEncoding = 4; lastKnownFileType = sourcecode.c.objc; path = MJRefreshBackStateFooter.m; sourceTree = "<group>"; };
		7AD6B9FD26A8138C009FB2F5 /* MJRefreshBackNormalFooter.m */ = {isa = PBXFileReference; fileEncoding = 4; lastKnownFileType = sourcecode.c.objc; path = MJRefreshBackNormalFooter.m; sourceTree = "<group>"; };
		7AD6B9FF26A8138C009FB2F5 /* MJRefreshAutoStateFooter.h */ = {isa = PBXFileReference; fileEncoding = 4; lastKnownFileType = sourcecode.c.h; path = MJRefreshAutoStateFooter.h; sourceTree = "<group>"; };
		7AD6BA0026A8138C009FB2F5 /* MJRefreshAutoNormalFooter.h */ = {isa = PBXFileReference; fileEncoding = 4; lastKnownFileType = sourcecode.c.h; path = MJRefreshAutoNormalFooter.h; sourceTree = "<group>"; };
		7AD6BA0126A8138C009FB2F5 /* MJRefreshAutoGifFooter.h */ = {isa = PBXFileReference; fileEncoding = 4; lastKnownFileType = sourcecode.c.h; path = MJRefreshAutoGifFooter.h; sourceTree = "<group>"; };
		7AD6BA0226A8138C009FB2F5 /* MJRefreshAutoStateFooter.m */ = {isa = PBXFileReference; fileEncoding = 4; lastKnownFileType = sourcecode.c.objc; path = MJRefreshAutoStateFooter.m; sourceTree = "<group>"; };
		7AD6BA0326A8138C009FB2F5 /* MJRefreshAutoGifFooter.m */ = {isa = PBXFileReference; fileEncoding = 4; lastKnownFileType = sourcecode.c.objc; path = MJRefreshAutoGifFooter.m; sourceTree = "<group>"; };
		7AD6BA0426A8138C009FB2F5 /* MJRefreshAutoNormalFooter.m */ = {isa = PBXFileReference; fileEncoding = 4; lastKnownFileType = sourcecode.c.objc; path = MJRefreshAutoNormalFooter.m; sourceTree = "<group>"; };
		7AD6BA0626A8138C009FB2F5 /* MJRefreshNormalTrailer.h */ = {isa = PBXFileReference; fileEncoding = 4; lastKnownFileType = sourcecode.c.h; path = MJRefreshNormalTrailer.h; sourceTree = "<group>"; };
		7AD6BA0726A8138C009FB2F5 /* MJRefreshStateTrailer.m */ = {isa = PBXFileReference; fileEncoding = 4; lastKnownFileType = sourcecode.c.objc; path = MJRefreshStateTrailer.m; sourceTree = "<group>"; };
		7AD6BA0826A8138C009FB2F5 /* MJRefreshNormalTrailer.m */ = {isa = PBXFileReference; fileEncoding = 4; lastKnownFileType = sourcecode.c.objc; path = MJRefreshNormalTrailer.m; sourceTree = "<group>"; };
		7AD6BA0926A8138C009FB2F5 /* MJRefreshStateTrailer.h */ = {isa = PBXFileReference; fileEncoding = 4; lastKnownFileType = sourcecode.c.h; path = MJRefreshStateTrailer.h; sourceTree = "<group>"; };
		7AD6BA0B26A8138C009FB2F5 /* MJRefreshNormalHeader.m */ = {isa = PBXFileReference; fileEncoding = 4; lastKnownFileType = sourcecode.c.objc; path = MJRefreshNormalHeader.m; sourceTree = "<group>"; };
		7AD6BA0C26A8138C009FB2F5 /* MJRefreshStateHeader.h */ = {isa = PBXFileReference; fileEncoding = 4; lastKnownFileType = sourcecode.c.h; path = MJRefreshStateHeader.h; sourceTree = "<group>"; };
		7AD6BA0D26A8138C009FB2F5 /* MJRefreshGifHeader.h */ = {isa = PBXFileReference; fileEncoding = 4; lastKnownFileType = sourcecode.c.h; path = MJRefreshGifHeader.h; sourceTree = "<group>"; };
		7AD6BA0E26A8138C009FB2F5 /* MJRefreshNormalHeader.h */ = {isa = PBXFileReference; fileEncoding = 4; lastKnownFileType = sourcecode.c.h; path = MJRefreshNormalHeader.h; sourceTree = "<group>"; };
		7AD6BA0F26A8138C009FB2F5 /* MJRefreshStateHeader.m */ = {isa = PBXFileReference; fileEncoding = 4; lastKnownFileType = sourcecode.c.objc; path = MJRefreshStateHeader.m; sourceTree = "<group>"; };
		7AD6BA1026A8138C009FB2F5 /* MJRefreshGifHeader.m */ = {isa = PBXFileReference; fileEncoding = 4; lastKnownFileType = sourcecode.c.objc; path = MJRefreshGifHeader.m; sourceTree = "<group>"; };
		7AD6BA1226A8138C009FB2F5 /* MJRefreshFooter.m */ = {isa = PBXFileReference; fileEncoding = 4; lastKnownFileType = sourcecode.c.objc; path = MJRefreshFooter.m; sourceTree = "<group>"; };
		7AD6BA1326A8138C009FB2F5 /* MJRefreshComponent.h */ = {isa = PBXFileReference; fileEncoding = 4; lastKnownFileType = sourcecode.c.h; path = MJRefreshComponent.h; sourceTree = "<group>"; };
		7AD6BA1426A8138C009FB2F5 /* MJRefreshHeader.m */ = {isa = PBXFileReference; fileEncoding = 4; lastKnownFileType = sourcecode.c.objc; path = MJRefreshHeader.m; sourceTree = "<group>"; };
		7AD6BA1526A8138C009FB2F5 /* MJRefreshAutoFooter.h */ = {isa = PBXFileReference; fileEncoding = 4; lastKnownFileType = sourcecode.c.h; path = MJRefreshAutoFooter.h; sourceTree = "<group>"; };
		7AD6BA1626A8138C009FB2F5 /* MJRefreshTrailer.h */ = {isa = PBXFileReference; fileEncoding = 4; lastKnownFileType = sourcecode.c.h; path = MJRefreshTrailer.h; sourceTree = "<group>"; };
		7AD6BA1726A8138C009FB2F5 /* MJRefreshBackFooter.m */ = {isa = PBXFileReference; fileEncoding = 4; lastKnownFileType = sourcecode.c.objc; path = MJRefreshBackFooter.m; sourceTree = "<group>"; };
		7AD6BA1826A8138C009FB2F5 /* MJRefreshAutoFooter.m */ = {isa = PBXFileReference; fileEncoding = 4; lastKnownFileType = sourcecode.c.objc; path = MJRefreshAutoFooter.m; sourceTree = "<group>"; };
		7AD6BA1926A8138C009FB2F5 /* MJRefreshHeader.h */ = {isa = PBXFileReference; fileEncoding = 4; lastKnownFileType = sourcecode.c.h; path = MJRefreshHeader.h; sourceTree = "<group>"; };
		7AD6BA1A26A8138C009FB2F5 /* MJRefreshComponent.m */ = {isa = PBXFileReference; fileEncoding = 4; lastKnownFileType = sourcecode.c.objc; path = MJRefreshComponent.m; sourceTree = "<group>"; };
		7AD6BA1B26A8138C009FB2F5 /* MJRefreshFooter.h */ = {isa = PBXFileReference; fileEncoding = 4; lastKnownFileType = sourcecode.c.h; path = MJRefreshFooter.h; sourceTree = "<group>"; };
		7AD6BA1C26A8138C009FB2F5 /* MJRefreshBackFooter.h */ = {isa = PBXFileReference; fileEncoding = 4; lastKnownFileType = sourcecode.c.h; path = MJRefreshBackFooter.h; sourceTree = "<group>"; };
		7AD6BA1D26A8138C009FB2F5 /* MJRefreshTrailer.m */ = {isa = PBXFileReference; fileEncoding = 4; lastKnownFileType = sourcecode.c.objc; path = MJRefreshTrailer.m; sourceTree = "<group>"; };
		7AD6BA3626A8141F009FB2F5 /* MJRefreshLeader.h */ = {isa = PBXFileReference; lastKnownFileType = sourcecode.c.h; path = MJRefreshLeader.h; sourceTree = "<group>"; };
		7AD6BA3726A8142C009FB2F5 /* MJRefreshLeader.m */ = {isa = PBXFileReference; lastKnownFileType = sourcecode.c.objc; path = MJRefreshLeader.m; sourceTree = "<group>"; };
		7AD6BA3A26A82588009FB2F5 /* MJRefreshNormalLeader.h */ = {isa = PBXFileReference; lastKnownFileType = sourcecode.c.h; path = MJRefreshNormalLeader.h; sourceTree = "<group>"; };
		7AD6BA3B26A82593009FB2F5 /* MJRefreshNormalLeader.m */ = {isa = PBXFileReference; lastKnownFileType = sourcecode.c.objc; path = MJRefreshNormalLeader.m; sourceTree = "<group>"; };
		7AD6BA3D26A825C9009FB2F5 /* MJRefreshStateLeader.h */ = {isa = PBXFileReference; lastKnownFileType = sourcecode.c.h; path = MJRefreshStateLeader.h; sourceTree = "<group>"; };
		7AD6BA3E26A825D7009FB2F5 /* MJRefreshStateLeader.m */ = {isa = PBXFileReference; lastKnownFileType = sourcecode.c.objc; path = MJRefreshStateLeader.m; sourceTree = "<group>"; };
		7AE229BD26C1170D00DA9C83 /* String+Ext.swift */ = {isa = PBXFileReference; lastKnownFileType = sourcecode.swift; path = "String+Ext.swift"; sourceTree = "<group>"; };
		7AFFAB07267F41F3003D7C75 /* MDMangaSlideViewController.swift */ = {isa = PBXFileReference; lastKnownFileType = sourcecode.swift; path = MDMangaSlideViewController.swift; sourceTree = "<group>"; };
		91B3DEDE63E98E2543E7196D /* Pods-Mangadex.release.xcconfig */ = {isa = PBXFileReference; includeInIndex = 1; lastKnownFileType = text.xcconfig; name = "Pods-Mangadex.release.xcconfig"; path = "Target Support Files/Pods-Mangadex/Pods-Mangadex.release.xcconfig"; sourceTree = "<group>"; };
		A112F1BBD00A38531B364725 /* Pods-Mangadex.debug.xcconfig */ = {isa = PBXFileReference; includeInIndex = 1; lastKnownFileType = text.xcconfig; name = "Pods-Mangadex.debug.xcconfig"; path = "Target Support Files/Pods-Mangadex/Pods-Mangadex.debug.xcconfig"; sourceTree = "<group>"; };
		AACBCC807A77747F8ACBA43D /* MDTriangleView.swift */ = {isa = PBXFileReference; fileEncoding = 4; lastKnownFileType = sourcecode.swift; path = MDTriangleView.swift; sourceTree = "<group>"; };
		B83B5606278863CF00453E26 /* MDFormatter.swift */ = {isa = PBXFileReference; lastKnownFileType = sourcecode.swift; path = MDFormatter.swift; sourceTree = "<group>"; };
		B86D2A79278C31E00062F818 /* UICollectionView+Ext.swift */ = {isa = PBXFileReference; lastKnownFileType = sourcecode.swift; path = "UICollectionView+Ext.swift"; sourceTree = "<group>"; };
		B89F2461278BEA6500344EE3 /* MDButton.swift */ = {isa = PBXFileReference; lastKnownFileType = sourcecode.swift; path = MDButton.swift; sourceTree = "<group>"; };
		B89F2463278BF34C00344EE3 /* MDColorSettingCollectionCell.swift */ = {isa = PBXFileReference; lastKnownFileType = sourcecode.swift; path = MDColorSettingCollectionCell.swift; sourceTree = "<group>"; };
		B89F2465278C17F000344EE3 /* MDColorSettingsPopupView.swift */ = {isa = PBXFileReference; lastKnownFileType = sourcecode.swift; path = MDColorSettingsPopupView.swift; sourceTree = "<group>"; };
		B8E39735278E905700B42760 /* MDBaseSettingCollectionCell.swift */ = {isa = PBXFileReference; lastKnownFileType = sourcecode.swift; path = MDBaseSettingCollectionCell.swift; sourceTree = "<group>"; };
		B8E39737278EAF1100B42760 /* MDSettingsManager.swift */ = {isa = PBXFileReference; lastKnownFileType = sourcecode.swift; path = MDSettingsManager.swift; sourceTree = "<group>"; };
		B8E39739278ECFE100B42760 /* MDLangSettingsPopupView.swift */ = {isa = PBXFileReference; lastKnownFileType = sourcecode.swift; path = MDLangSettingsPopupView.swift; sourceTree = "<group>"; };
		B8E3973B278ED0D000B42760 /* MDLangSettingCollectionCell.swift */ = {isa = PBXFileReference; lastKnownFileType = sourcecode.swift; path = MDLangSettingCollectionCell.swift; sourceTree = "<group>"; };
		DA1A80F2A7AA06BA47E5F86D /* Pods_Mangadex.framework */ = {isa = PBXFileReference; explicitFileType = wrapper.framework; includeInIndex = 0; path = Pods_Mangadex.framework; sourceTree = BUILT_PRODUCTS_DIR; };
/* End PBXFileReference section */

/* Begin PBXFrameworksBuildPhase section */
		004F7183264BF8EB00D61AEB /* Frameworks */ = {
			isa = PBXFrameworksBuildPhase;
			buildActionMask = 2147483647;
			files = (
				E91D0BB428A4FB3577929470 /* Pods_Mangadex.framework in Frameworks */,
			);
			runOnlyForDeploymentPostprocessing = 0;
		};
		004F719C264BF8ED00D61AEB /* Frameworks */ = {
			isa = PBXFrameworksBuildPhase;
			buildActionMask = 2147483647;
			files = (
			);
			runOnlyForDeploymentPostprocessing = 0;
		};
		004F71A7264BF8ED00D61AEB /* Frameworks */ = {
			isa = PBXFrameworksBuildPhase;
			buildActionMask = 2147483647;
			files = (
			);
			runOnlyForDeploymentPostprocessing = 0;
		};
/* End PBXFrameworksBuildPhase section */

/* Begin PBXGroup section */
		0008100D2661F669009C1005 /* Theming */ = {
			isa = PBXGroup;
			children = (
				0008100E2661F681009C1005 /* MDLayout.swift */,
				390E765B11ECA5FCB12E29D5 /* MDLocale.swift */,
			);
			path = Theming;
			sourceTree = "<group>";
		};
		000810102662120F009C1005 /* Module */ = {
			isa = PBXGroup;
			children = (
				7AD6B9CD26A8138C009FB2F5 /* MJRefresh */,
				7A53407B26886C2A003CE4C1 /* Home */,
				7A540CDD2686CC98001DCA2E /* Manga Viewer */,
				7ABB61B52678CA7700BF2860 /* Login */,
				0025DADD2665D1F0006C6701 /* Detail */,
			);
			path = Module;
			sourceTree = "<group>";
		};
		0008101326621236009C1005 /* Trend */ = {
			isa = PBXGroup;
			children = (
				0008101126621229009C1005 /* MDBrowseMangaViewController.swift */,
			);
			path = Trend;
			sourceTree = "<group>";
		};
		0008101526621249009C1005 /* Stared */ = {
			isa = PBXGroup;
			children = (
				000810162662125B009C1005 /* MDFollowedMangaViewController.swift */,
			);
			path = Stared;
			sourceTree = "<group>";
		};
		000810182662646B009C1005 /* Components */ = {
			isa = PBXGroup;
			children = (
				7ABB61B62678D42F00BF2860 /* Concurrency */,
				00363097266F67590058BE25 /* Navigation */,
				7A9A5FFB26C8DEA400196953 /* View */,
				00363094266F5BC40058BE25 /* ViewController */,
				390E72DD8A45C476DD5ACBF5 /* MDShortTapGestureRecognizer.swift */,
				390E70A25AC522141FF885AB /* Card */,
			);
			path = Components;
			sourceTree = "<group>";
		};
		00170962264FA3A9005BEE67 /* Networking */ = {
			isa = PBXGroup;
			children = (
				7A53408126887D51003CE4C1 /* User */,
				7A7544602686F88900467EF1 /* Chapter */,
				7AACACA8267EE29C00232166 /* Manga */,
				7A89D9BC267DAC9500E41147 /* MDHTTPManager.swift */,
				7A89D9C0267DC51500E41147 /* MDHTTPManager+Auth.swift */,
				7A89D9C2267DCA0200E41147 /* MDHTTPManager+Author.swift */,
			);
			path = Networking;
			sourceTree = "<group>";
		};
		0025DADD2665D1F0006C6701 /* Detail */ = {
			isa = PBXGroup;
			children = (
				7A53408026887873003CE4C1 /* Tabs */,
				0025DADE2665D202006C6701 /* MDMangaDetailViewController.swift */,
				7AACACAD267EFD6B00232166 /* MDMangaChapterCollectionCell.swift */,
				7AACACAF267F34D400232166 /* MDSectionHeaderView.swift */,
			);
			path = Detail;
			sourceTree = "<group>";
		};
		00363094266F5BC40058BE25 /* ViewController */ = {
			isa = PBXGroup;
			children = (
				00363095266F5BD80058BE25 /* MDViewController.swift */,
			);
			path = ViewController;
			sourceTree = "<group>";
		};
		00363097266F67590058BE25 /* Navigation */ = {
			isa = PBXGroup;
			children = (
				0036309C266F82D50058BE25 /* AppBar */,
				00363098266F676A0058BE25 /* MDNavigationController.swift */,
				7A9A5FF726C8CF7700196953 /* MDRouter.swift */,
			);
			path = Navigation;
			sourceTree = "<group>";
		};
		0036309C266F82D50058BE25 /* AppBar */ = {
			isa = PBXGroup;
			children = (
				0036309A266F74AF0058BE25 /* MDAppBar.swift */,
			);
			path = AppBar;
			sourceTree = "<group>";
		};
		004F717D264BF8EB00D61AEB = {
			isa = PBXGroup;
			children = (
				004F7188264BF8EB00D61AEB /* Mangadex */,
				004F71A2264BF8ED00D61AEB /* MangadexTests */,
				004F71AD264BF8ED00D61AEB /* MangadexUITests */,
				004F7187264BF8EB00D61AEB /* Products */,
				C7DFFD547A9BED2B8A6310A8 /* Pods */,
				EB589BE1F4EAD33A4B56DDFA /* Frameworks */,
			);
			sourceTree = "<group>";
		};
		004F7187264BF8EB00D61AEB /* Products */ = {
			isa = PBXGroup;
			children = (
				004F7186264BF8EB00D61AEB /* Mangadex.app */,
				004F719F264BF8ED00D61AEB /* MangadexTests.xctest */,
				004F71AA264BF8ED00D61AEB /* MangadexUITests.xctest */,
			);
			name = Products;
			sourceTree = "<group>";
		};
		004F7188264BF8EB00D61AEB /* Mangadex */ = {
			isa = PBXGroup;
			children = (
				B83B5605278863C000453E26 /* Utils */,
				7A3319DA26AD33600015D9D1 /* Storage */,
				7A75993F26901AC700A20E64 /* Mangadex.entitlements */,
				7A75446926885FC300467EF1 /* Supporting Files */,
				7AFFAB09267F56CA003D7C75 /* Extension */,
				000810182662646B009C1005 /* Components */,
				000810102662120F009C1005 /* Module */,
				0008100D2661F669009C1005 /* Theming */,
				00170962264FA3A9005BEE67 /* Networking */,
				004F7189264BF8EB00D61AEB /* AppDelegate.swift */,
				004F718B264BF8EB00D61AEB /* SceneDelegate.swift */,
				004F718F264BF8EB00D61AEB /* Main.storyboard */,
				004F7195264BF8ED00D61AEB /* Assets.xcassets */,
				004F7197264BF8ED00D61AEB /* LaunchScreen.storyboard */,
				004F719A264BF8ED00D61AEB /* Info.plist */,
				004F7192264BF8EB00D61AEB /* Mangadex.xcdatamodeld */,
			);
			path = Mangadex;
			sourceTree = "<group>";
		};
		004F71A2264BF8ED00D61AEB /* MangadexTests */ = {
			isa = PBXGroup;
			children = (
				004F71A3264BF8ED00D61AEB /* MangadexTests.swift */,
				004F71A5264BF8ED00D61AEB /* Info.plist */,
			);
			path = MangadexTests;
			sourceTree = "<group>";
		};
		004F71AD264BF8ED00D61AEB /* MangadexUITests */ = {
			isa = PBXGroup;
			children = (
				004F71AE264BF8ED00D61AEB /* MangadexUITests.swift */,
				004F71B0264BF8ED00D61AEB /* Info.plist */,
			);
			path = MangadexUITests;
			sourceTree = "<group>";
		};
		390E70A25AC522141FF885AB /* Card */ = {
			isa = PBXGroup;
			children = (
				390E7967A88951D82F181FF4 /* MDCTextCard.swift */,
				390E76B7FEA46F75BBD714C3 /* MDCCustomCard.swift */,
			);
			path = Card;
			sourceTree = "<group>";
		};
		7A3319DA26AD33600015D9D1 /* Storage */ = {
			isa = PBXGroup;
			children = (
				7A3319DD26AD3BF50015D9D1 /* Base */,
				7A3319DE26AD3C0B0015D9D1 /* MDMangaProgressManager.swift */,
				B8E39737278EAF1100B42760 /* MDSettingsManager.swift */,
				00170963264FA3E6005BEE67 /* MDUserManager.swift */,
			);
			path = Storage;
			sourceTree = "<group>";
		};
		7A3319DD26AD3BF50015D9D1 /* Base */ = {
			isa = PBXGroup;
			children = (
				7A3319DB26AD36130015D9D1 /* MDPlistStoreManager.swift */,
				7A3FA32D26B4FDA100C4E2EF /* MDUserDefaultsManager.swift */,
			);
			path = Base;
			sourceTree = "<group>";
		};
		7A53407B26886C2A003CE4C1 /* Home */ = {
			isa = PBXGroup;
			children = (
				00170965264FC9CB005BEE67 /* MDHomeTabViewController.swift */,
				05179A17279280EE0019D656 /* MDMangaListViewController.swift */,
				05179A1927928E630019D656 /* MDMangaListCollectionCell.swift */,
				0008101326621236009C1005 /* Trend */,
				0008101526621249009C1005 /* Stared */,
				7ABB61B92678D76700BF2860 /* Account */,
			);
			path = Home;
			sourceTree = "<group>";
		};
		7A53408026887873003CE4C1 /* Tabs */ = {
			isa = PBXGroup;
			children = (
				7A53407926886966003CE4C1 /* MDMangaDetailTabViewController.swift */,
				7A53407C26886C82003CE4C1 /* MDMangaDetailChapterViewController.swift */,
				7A53407E26886CB4003CE4C1 /* MDMangaDetailInfoViewController.swift */,
			);
			path = Tabs;
			sourceTree = "<group>";
		};
		7A53408126887D51003CE4C1 /* User */ = {
			isa = PBXGroup;
			children = (
				7A53408226887D62003CE4C1 /* MDHTTPManager+User.swift */,
			);
			path = User;
			sourceTree = "<group>";
		};
		7A540CDD2686CC98001DCA2E /* Manga Viewer */ = {
			isa = PBXGroup;
			children = (
				7AFFAB07267F41F3003D7C75 /* MDMangaSlideViewController.swift */,
				7A754465268709D900467EF1 /* MDMangaSlideCollectionCell.swift */,
			);
			path = "Manga Viewer";
			sourceTree = "<group>";
		};
		7A7544602686F88900467EF1 /* Chapter */ = {
			isa = PBXGroup;
			children = (
				7A7544612686F8B700467EF1 /* MDHTTPManager+Chapter.swift */,
				7A7544632686FC3D00467EF1 /* MDMangaChapterDataModel.swift */,
			);
			path = Chapter;
			sourceTree = "<group>";
		};
		7A75446926885FC300467EF1 /* Supporting Files */ = {
			isa = PBXGroup;
			children = (
				7A16E01D26A42D080012C786 /* Mangadex-Bridging-Header.h */,
				7A75446E26885FFA00467EF1 /* Localizable.strings */,
			);
			path = "Supporting Files";
			sourceTree = "<group>";
		};
		7A9A5FF226C76FC400196953 /* Settings */ = {
			isa = PBXGroup;
			children = (
				7A9A5FF026C76F9B00196953 /* MDAccountSettingsSection.swift */,
				7A9A5FF326C76FD400196953 /* MDAccountSettingsCell.swift */,
				05FC8A2A2766F858009BB857 /* MDSettingsPopupView.swift */,
				B89F2465278C17F000344EE3 /* MDColorSettingsPopupView.swift */,
				B8E39739278ECFE100B42760 /* MDLangSettingsPopupView.swift */,
				B89F2463278BF34C00344EE3 /* MDColorSettingCollectionCell.swift */,
				B8E3973B278ED0D000B42760 /* MDLangSettingCollectionCell.swift */,
				B8E39735278E905700B42760 /* MDBaseSettingCollectionCell.swift */,
			);
			path = Settings;
			sourceTree = "<group>";
		};
		7A9A5FFB26C8DEA400196953 /* View */ = {
			isa = PBXGroup;
			children = (
				B89F2461278BEA6500344EE3 /* MDButton.swift */,
				AACBCC807A77747F8ACBA43D /* MDTriangleView.swift */,
			);
			path = View;
			sourceTree = "<group>";
		};
		7AACACA8267EE29C00232166 /* Manga */ = {
			isa = PBXGroup;
			children = (
				7A89D9BE267DB8AF00E41147 /* MDHTTPManager+Manga.swift */,
				7A89D9C4267DD28A00E41147 /* MDMangaItemDataModel.swift */,
				7AACACA9267EE2E600232166 /* MDMangaVolumesDataModel.swift */,
				390E78A18602BCF1EAB6BADA /* MDMangaTagDataModel.swift */,
				052D5785275E4CDF004256B3 /* MangaItem.swift */,
			);
			path = Manga;
			sourceTree = "<group>";
		};
		7ABB61B52678CA7700BF2860 /* Login */ = {
			isa = PBXGroup;
			children = (
				004F718D264BF8EB00D61AEB /* MDLoginViewController.swift */,
				390E756BDFB0EA839C22FD01 /* MDKeychain.swift */,
				390E7E9CF5A4AFBA1EA03F7E /* MDPreLoginViewController.swift */,
			);
			path = Login;
			sourceTree = "<group>";
		};
		7ABB61B62678D42F00BF2860 /* Concurrency */ = {
			isa = PBXGroup;
			children = (
				7ABB61B72678D45300BF2860 /* DispatchQueue+once.swift */,
			);
			path = Concurrency;
			sourceTree = "<group>";
		};
		7ABB61B92678D76700BF2860 /* Account */ = {
			isa = PBXGroup;
			children = (
				7A9A5FF226C76FC400196953 /* Settings */,
				7ABB61BA2678D77500BF2860 /* MDAccountViewController.swift */,
			);
			path = Account;
			sourceTree = "<group>";
		};
		7AD6B9CD26A8138C009FB2F5 /* MJRefresh */ = {
			isa = PBXGroup;
			children = (
				7AD6B9D226A8138C009FB2F5 /* MJRefresh.h */,
				7AD6B9F126A8138C009FB2F5 /* MJRefreshConst.h */,
				7AD6B9CF26A8138C009FB2F5 /* MJRefreshConst.m */,
				7AD6B9F026A8138C009FB2F5 /* MJRefreshConfig.h */,
				7AD6B9D026A8138C009FB2F5 /* MJRefreshConfig.m */,
				7AD6B9D526A8138C009FB2F5 /* UIView+MJExtension.h */,
				7AD6B9F426A8138C009FB2F5 /* UIView+MJExtension.m */,
				7AD6B9D126A8138C009FB2F5 /* UIScrollView+MJExtension.h */,
				7AD6B9EF26A8138C009FB2F5 /* UIScrollView+MJExtension.m */,
				7AD6B9F226A8138C009FB2F5 /* UIScrollView+MJRefresh.h */,
				7AD6B9CE26A8138C009FB2F5 /* UIScrollView+MJRefresh.m */,
				7AD6B9D326A8138C009FB2F5 /* NSBundle+MJRefresh.h */,
				7AD6B9F326A8138C009FB2F5 /* NSBundle+MJRefresh.m */,
				7AD6B9D426A8138C009FB2F5 /* MJRefresh.bundle */,
				7AD6B9D626A8138C009FB2F5 /* include */,
				7AD6B9F526A8138C009FB2F5 /* Custom */,
				7AD6BA1126A8138C009FB2F5 /* Base */,
			);
			path = MJRefresh;
			sourceTree = "<group>";
		};
		7AD6B9D626A8138C009FB2F5 /* include */ = {
			isa = PBXGroup;
			children = (
				7AD6B9D726A8138C009FB2F5 /* MJRefreshComponent.h */,
				7AD6B9D826A8138C009FB2F5 /* UIScrollView+MJExtension.h */,
				7AD6B9D926A8138C009FB2F5 /* MJRefreshAutoStateFooter.h */,
				7AD6B9DA26A8138C009FB2F5 /* MJRefreshAutoFooter.h */,
				7AD6B9DB26A8138C009FB2F5 /* MJRefreshNormalTrailer.h */,
				7AD6B9DC26A8138C009FB2F5 /* MJRefresh.h */,
				7AD6B9DD26A8138C009FB2F5 /* NSBundle+MJRefresh.h */,
				7AD6B9DE26A8138C009FB2F5 /* MJRefreshBackGifFooter.h */,
				7AD6B9DF26A8138C009FB2F5 /* MJRefreshBackStateFooter.h */,
				7AD6B9E026A8138C009FB2F5 /* UIView+MJExtension.h */,
				7AD6B9E126A8138C009FB2F5 /* MJRefreshBackNormalFooter.h */,
				7AD6B9E226A8138C009FB2F5 /* MJRefreshAutoNormalFooter.h */,
				7AD6B9E326A8138C009FB2F5 /* MJRefreshTrailer.h */,
				7AD6B9E426A8138C009FB2F5 /* MJRefreshStateHeader.h */,
				7AD6B9E526A8138C009FB2F5 /* MJRefreshGifHeader.h */,
				7AD6B9E626A8138C009FB2F5 /* MJRefreshAutoGifFooter.h */,
				7AD6B9E726A8138C009FB2F5 /* MJRefreshHeader.h */,
				7AD6B9E826A8138C009FB2F5 /* MJRefreshFooter.h */,
				7AD6B9E926A8138C009FB2F5 /* MJRefreshConfig.h */,
				7AD6B9EA26A8138C009FB2F5 /* MJRefreshConst.h */,
				7AD6B9EB26A8138C009FB2F5 /* UIScrollView+MJRefresh.h */,
				7AD6B9EC26A8138C009FB2F5 /* MJRefreshNormalHeader.h */,
				7AD6B9ED26A8138C009FB2F5 /* MJRefreshStateTrailer.h */,
				7AD6B9EE26A8138C009FB2F5 /* MJRefreshBackFooter.h */,
			);
			path = include;
			sourceTree = "<group>";
		};
		7AD6B9F526A8138C009FB2F5 /* Custom */ = {
			isa = PBXGroup;
			children = (
				7AD6BA3926A8256E009FB2F5 /* Leader */,
				7AD6B9F626A8138C009FB2F5 /* Footer */,
				7AD6BA0526A8138C009FB2F5 /* Trailer */,
				7AD6BA0A26A8138C009FB2F5 /* Header */,
			);
			path = Custom;
			sourceTree = "<group>";
		};
		7AD6B9F626A8138C009FB2F5 /* Footer */ = {
			isa = PBXGroup;
			children = (
				7AD6B9F726A8138C009FB2F5 /* Back */,
				7AD6B9FE26A8138C009FB2F5 /* Auto */,
			);
			path = Footer;
			sourceTree = "<group>";
		};
		7AD6B9F726A8138C009FB2F5 /* Back */ = {
			isa = PBXGroup;
			children = (
				7AD6B9F826A8138C009FB2F5 /* MJRefreshBackGifFooter.h */,
				7AD6B9F926A8138C009FB2F5 /* MJRefreshBackStateFooter.h */,
				7AD6B9FA26A8138C009FB2F5 /* MJRefreshBackNormalFooter.h */,
				7AD6B9FB26A8138C009FB2F5 /* MJRefreshBackGifFooter.m */,
				7AD6B9FC26A8138C009FB2F5 /* MJRefreshBackStateFooter.m */,
				7AD6B9FD26A8138C009FB2F5 /* MJRefreshBackNormalFooter.m */,
			);
			path = Back;
			sourceTree = "<group>";
		};
		7AD6B9FE26A8138C009FB2F5 /* Auto */ = {
			isa = PBXGroup;
			children = (
				7AD6B9FF26A8138C009FB2F5 /* MJRefreshAutoStateFooter.h */,
				7AD6BA0026A8138C009FB2F5 /* MJRefreshAutoNormalFooter.h */,
				7AD6BA0126A8138C009FB2F5 /* MJRefreshAutoGifFooter.h */,
				7AD6BA0226A8138C009FB2F5 /* MJRefreshAutoStateFooter.m */,
				7AD6BA0326A8138C009FB2F5 /* MJRefreshAutoGifFooter.m */,
				7AD6BA0426A8138C009FB2F5 /* MJRefreshAutoNormalFooter.m */,
			);
			path = Auto;
			sourceTree = "<group>";
		};
		7AD6BA0526A8138C009FB2F5 /* Trailer */ = {
			isa = PBXGroup;
			children = (
				7AD6BA0626A8138C009FB2F5 /* MJRefreshNormalTrailer.h */,
				7AD6BA0726A8138C009FB2F5 /* MJRefreshStateTrailer.m */,
				7AD6BA0826A8138C009FB2F5 /* MJRefreshNormalTrailer.m */,
				7AD6BA0926A8138C009FB2F5 /* MJRefreshStateTrailer.h */,
			);
			path = Trailer;
			sourceTree = "<group>";
		};
		7AD6BA0A26A8138C009FB2F5 /* Header */ = {
			isa = PBXGroup;
			children = (
				7AD6BA0B26A8138C009FB2F5 /* MJRefreshNormalHeader.m */,
				7AD6BA0C26A8138C009FB2F5 /* MJRefreshStateHeader.h */,
				7AD6BA0D26A8138C009FB2F5 /* MJRefreshGifHeader.h */,
				7AD6BA0E26A8138C009FB2F5 /* MJRefreshNormalHeader.h */,
				7AD6BA0F26A8138C009FB2F5 /* MJRefreshStateHeader.m */,
				7AD6BA1026A8138C009FB2F5 /* MJRefreshGifHeader.m */,
			);
			path = Header;
			sourceTree = "<group>";
		};
		7AD6BA1126A8138C009FB2F5 /* Base */ = {
			isa = PBXGroup;
			children = (
				7AD6BA1226A8138C009FB2F5 /* MJRefreshFooter.m */,
				7AD6BA1326A8138C009FB2F5 /* MJRefreshComponent.h */,
				7AD6BA1426A8138C009FB2F5 /* MJRefreshHeader.m */,
				7AD6BA1526A8138C009FB2F5 /* MJRefreshAutoFooter.h */,
				7AD6BA1626A8138C009FB2F5 /* MJRefreshTrailer.h */,
				7AD6BA1726A8138C009FB2F5 /* MJRefreshBackFooter.m */,
				7AD6BA1826A8138C009FB2F5 /* MJRefreshAutoFooter.m */,
				7AD6BA1926A8138C009FB2F5 /* MJRefreshHeader.h */,
				7AD6BA1A26A8138C009FB2F5 /* MJRefreshComponent.m */,
				7AD6BA1B26A8138C009FB2F5 /* MJRefreshFooter.h */,
				7AD6BA1C26A8138C009FB2F5 /* MJRefreshBackFooter.h */,
				7AD6BA1D26A8138C009FB2F5 /* MJRefreshTrailer.m */,
				7AD6BA3626A8141F009FB2F5 /* MJRefreshLeader.h */,
				7AD6BA3726A8142C009FB2F5 /* MJRefreshLeader.m */,
			);
			path = Base;
			sourceTree = "<group>";
		};
		7AD6BA3926A8256E009FB2F5 /* Leader */ = {
			isa = PBXGroup;
			children = (
				7AD6BA3A26A82588009FB2F5 /* MJRefreshNormalLeader.h */,
				7AD6BA3B26A82593009FB2F5 /* MJRefreshNormalLeader.m */,
				7AD6BA3D26A825C9009FB2F5 /* MJRefreshStateLeader.h */,
				7AD6BA3E26A825D7009FB2F5 /* MJRefreshStateLeader.m */,
			);
			path = Leader;
			sourceTree = "<group>";
		};
		7AFFAB09267F56CA003D7C75 /* Extension */ = {
			isa = PBXGroup;
			children = (
				390E71822C0B2EA3E7321523 /* UIAlertController+Ext.swift */,
				390E7FB625ED52EC42C2BC05 /* UILabel+Ext.swift */,
				390E79EFFFCD328DAEC9D3FE /* UIColor+Ext.swift */,
				390E70BADCF568FE4B44094B /* UIImageView+Ext.swift */,
				390E7D7536444595F3789E40 /* UIButton+Ext.swift */,
				390E7EBF79AD8DB19C02F3E0 /* NSString+Ext.swift */,
				390E79A2381EB022968AF13C /* UIScrollView+Ext.swift */,
				B86D2A79278C31E00062F818 /* UICollectionView+Ext.swift */,
				390E700F646A32DAFDAE432C /* UINavigationController+Ext.swift */,
				7AB4219326BF7907003A38BB /* NSObject+Ext.swift */,
				7AE229BD26C1170D00DA9C83 /* String+Ext.swift */,
				390E77D76060F0B415020713 /* UIView+Ext.swift */,
				7A9A5FF526C7743A00196953 /* CustomOperator.swift */,
				05179A1B2792AFD40019D656 /* UIEdgeInsets+Ext.swift */,
			);
			path = Extension;
			sourceTree = "<group>";
		};
		B83B5605278863C000453E26 /* Utils */ = {
			isa = PBXGroup;
			children = (
				B83B5606278863CF00453E26 /* MDFormatter.swift */,
			);
			path = Utils;
			sourceTree = "<group>";
		};
		C7DFFD547A9BED2B8A6310A8 /* Pods */ = {
			isa = PBXGroup;
			children = (
				A112F1BBD00A38531B364725 /* Pods-Mangadex.debug.xcconfig */,
				91B3DEDE63E98E2543E7196D /* Pods-Mangadex.release.xcconfig */,
			);
			path = Pods;
			sourceTree = "<group>";
		};
		EB589BE1F4EAD33A4B56DDFA /* Frameworks */ = {
			isa = PBXGroup;
			children = (
				DA1A80F2A7AA06BA47E5F86D /* Pods_Mangadex.framework */,
			);
			name = Frameworks;
			sourceTree = "<group>";
		};
/* End PBXGroup section */

/* Begin PBXNativeTarget section */
		004F7185264BF8EB00D61AEB /* Mangadex */ = {
			isa = PBXNativeTarget;
			buildConfigurationList = 004F71B3264BF8ED00D61AEB /* Build configuration list for PBXNativeTarget "Mangadex" */;
			buildPhases = (
				7FE46D768BFCEE6482983852 /* [CP] Check Pods Manifest.lock */,
				004F7182264BF8EB00D61AEB /* Sources */,
				004F7183264BF8EB00D61AEB /* Frameworks */,
				004F7184264BF8EB00D61AEB /* Resources */,
				C15475762ABE5217AAFA3DE3 /* [CP] Embed Pods Frameworks */,
			);
			buildRules = (
			);
			dependencies = (
			);
			name = Mangadex;
			productName = Mangadex;
			productReference = 004F7186264BF8EB00D61AEB /* Mangadex.app */;
			productType = "com.apple.product-type.application";
		};
		004F719E264BF8ED00D61AEB /* MangadexTests */ = {
			isa = PBXNativeTarget;
			buildConfigurationList = 004F71B6264BF8ED00D61AEB /* Build configuration list for PBXNativeTarget "MangadexTests" */;
			buildPhases = (
				004F719B264BF8ED00D61AEB /* Sources */,
				004F719C264BF8ED00D61AEB /* Frameworks */,
				004F719D264BF8ED00D61AEB /* Resources */,
			);
			buildRules = (
			);
			dependencies = (
				004F71A1264BF8ED00D61AEB /* PBXTargetDependency */,
			);
			name = MangadexTests;
			productName = MangadexTests;
			productReference = 004F719F264BF8ED00D61AEB /* MangadexTests.xctest */;
			productType = "com.apple.product-type.bundle.unit-test";
		};
		004F71A9264BF8ED00D61AEB /* MangadexUITests */ = {
			isa = PBXNativeTarget;
			buildConfigurationList = 004F71B9264BF8ED00D61AEB /* Build configuration list for PBXNativeTarget "MangadexUITests" */;
			buildPhases = (
				004F71A6264BF8ED00D61AEB /* Sources */,
				004F71A7264BF8ED00D61AEB /* Frameworks */,
				004F71A8264BF8ED00D61AEB /* Resources */,
			);
			buildRules = (
			);
			dependencies = (
				004F71AC264BF8ED00D61AEB /* PBXTargetDependency */,
			);
			name = MangadexUITests;
			productName = MangadexUITests;
			productReference = 004F71AA264BF8ED00D61AEB /* MangadexUITests.xctest */;
			productType = "com.apple.product-type.bundle.ui-testing";
		};
/* End PBXNativeTarget section */

/* Begin PBXProject section */
		004F717E264BF8EB00D61AEB /* Project object */ = {
			isa = PBXProject;
			attributes = {
				LastSwiftUpdateCheck = 1240;
				LastUpgradeCheck = 1240;
				TargetAttributes = {
					004F7185264BF8EB00D61AEB = {
						CreatedOnToolsVersion = 12.4;
						LastSwiftMigration = 1250;
					};
					004F719E264BF8ED00D61AEB = {
						CreatedOnToolsVersion = 12.4;
						TestTargetID = 004F7185264BF8EB00D61AEB;
					};
					004F71A9264BF8ED00D61AEB = {
						CreatedOnToolsVersion = 12.4;
						TestTargetID = 004F7185264BF8EB00D61AEB;
					};
				};
			};
			buildConfigurationList = 004F7181264BF8EB00D61AEB /* Build configuration list for PBXProject "Mangadex" */;
			compatibilityVersion = "Xcode 9.3";
			developmentRegion = en;
			hasScannedForEncodings = 0;
			knownRegions = (
				en,
				Base,
				"zh-Hans",
			);
			mainGroup = 004F717D264BF8EB00D61AEB;
			productRefGroup = 004F7187264BF8EB00D61AEB /* Products */;
			projectDirPath = "";
			projectRoot = "";
			targets = (
				004F7185264BF8EB00D61AEB /* Mangadex */,
				004F719E264BF8ED00D61AEB /* MangadexTests */,
				004F71A9264BF8ED00D61AEB /* MangadexUITests */,
			);
		};
/* End PBXProject section */

/* Begin PBXResourcesBuildPhase section */
		004F7184264BF8EB00D61AEB /* Resources */ = {
			isa = PBXResourcesBuildPhase;
			buildActionMask = 2147483647;
			files = (
				004F7199264BF8ED00D61AEB /* LaunchScreen.storyboard in Resources */,
				7A75446C26885FFA00467EF1 /* Localizable.strings in Resources */,
				004F7196264BF8ED00D61AEB /* Assets.xcassets in Resources */,
				7AD6BA2126A8138C009FB2F5 /* MJRefresh.bundle in Resources */,
				004F7191264BF8EB00D61AEB /* Main.storyboard in Resources */,
			);
			runOnlyForDeploymentPostprocessing = 0;
		};
		004F719D264BF8ED00D61AEB /* Resources */ = {
			isa = PBXResourcesBuildPhase;
			buildActionMask = 2147483647;
			files = (
			);
			runOnlyForDeploymentPostprocessing = 0;
		};
		004F71A8264BF8ED00D61AEB /* Resources */ = {
			isa = PBXResourcesBuildPhase;
			buildActionMask = 2147483647;
			files = (
			);
			runOnlyForDeploymentPostprocessing = 0;
		};
/* End PBXResourcesBuildPhase section */

/* Begin PBXShellScriptBuildPhase section */
		7FE46D768BFCEE6482983852 /* [CP] Check Pods Manifest.lock */ = {
			isa = PBXShellScriptBuildPhase;
			buildActionMask = 2147483647;
			files = (
			);
			inputFileListPaths = (
			);
			inputPaths = (
				"${PODS_PODFILE_DIR_PATH}/Podfile.lock",
				"${PODS_ROOT}/Manifest.lock",
			);
			name = "[CP] Check Pods Manifest.lock";
			outputFileListPaths = (
			);
			outputPaths = (
				"$(DERIVED_FILE_DIR)/Pods-Mangadex-checkManifestLockResult.txt",
			);
			runOnlyForDeploymentPostprocessing = 0;
			shellPath = /bin/sh;
			shellScript = "diff \"${PODS_PODFILE_DIR_PATH}/Podfile.lock\" \"${PODS_ROOT}/Manifest.lock\" > /dev/null\nif [ $? != 0 ] ; then\n    # print error to STDERR\n    echo \"error: The sandbox is not in sync with the Podfile.lock. Run 'pod install' or update your CocoaPods installation.\" >&2\n    exit 1\nfi\n# This output is used by Xcode 'outputs' to avoid re-running this script phase.\necho \"SUCCESS\" > \"${SCRIPT_OUTPUT_FILE_0}\"\n";
			showEnvVarsInLog = 0;
		};
		C15475762ABE5217AAFA3DE3 /* [CP] Embed Pods Frameworks */ = {
			isa = PBXShellScriptBuildPhase;
			buildActionMask = 2147483647;
			files = (
			);
			inputFileListPaths = (
				"${PODS_ROOT}/Target Support Files/Pods-Mangadex/Pods-Mangadex-frameworks-${CONFIGURATION}-input-files.xcfilelist",
			);
			name = "[CP] Embed Pods Frameworks";
			outputFileListPaths = (
				"${PODS_ROOT}/Target Support Files/Pods-Mangadex/Pods-Mangadex-frameworks-${CONFIGURATION}-output-files.xcfilelist",
			);
			runOnlyForDeploymentPostprocessing = 0;
			shellPath = /bin/sh;
			shellScript = "\"${PODS_ROOT}/Target Support Files/Pods-Mangadex/Pods-Mangadex-frameworks.sh\"\n";
			showEnvVarsInLog = 0;
		};
/* End PBXShellScriptBuildPhase section */

/* Begin PBXSourcesBuildPhase section */
		004F7182264BF8EB00D61AEB /* Sources */ = {
			isa = PBXSourcesBuildPhase;
			buildActionMask = 2147483647;
			files = (
				7A89D9C5267DD28A00E41147 /* MDMangaItemDataModel.swift in Sources */,
				7AACACB0267F34D400232166 /* MDSectionHeaderView.swift in Sources */,
				7AD6BA2B26A8138C009FB2F5 /* MJRefreshStateTrailer.m in Sources */,
				00363096266F5BD80058BE25 /* MDViewController.swift in Sources */,
				00170964264FA3E6005BEE67 /* MDUserManager.swift in Sources */,
				7A3319DC26AD36130015D9D1 /* MDPlistStoreManager.swift in Sources */,
				7ABB61BB2678D77500BF2860 /* MDAccountViewController.swift in Sources */,
				7AD6BA3526A8138C009FB2F5 /* MJRefreshTrailer.m in Sources */,
				7ABB61B82678D45300BF2860 /* DispatchQueue+once.swift in Sources */,
				B89F2462278BEA6500344EE3 /* MDButton.swift in Sources */,
				B8E3973C278ED0D000B42760 /* MDLangSettingCollectionCell.swift in Sources */,
				0008100F2661F681009C1005 /* MDLayout.swift in Sources */,
				7AD6BA2926A8138C009FB2F5 /* MJRefreshAutoGifFooter.m in Sources */,
				7AD6BA2526A8138C009FB2F5 /* MJRefreshBackGifFooter.m in Sources */,
				7AD6BA2D26A8138C009FB2F5 /* MJRefreshNormalHeader.m in Sources */,
				7AD6BA3126A8138C009FB2F5 /* MJRefreshHeader.m in Sources */,
				7AD6BA3226A8138C009FB2F5 /* MJRefreshBackFooter.m in Sources */,
				7A53407D26886C82003CE4C1 /* MDMangaDetailChapterViewController.swift in Sources */,
				B8E3973A278ECFE100B42760 /* MDLangSettingsPopupView.swift in Sources */,
				7AD6BA2826A8138C009FB2F5 /* MJRefreshAutoStateFooter.m in Sources */,
				00170966264FC9CB005BEE67 /* MDHomeTabViewController.swift in Sources */,
				7AD6BA3F26A825D7009FB2F5 /* MJRefreshStateLeader.m in Sources */,
				000810172662125B009C1005 /* MDFollowedMangaViewController.swift in Sources */,
				7AD6BA2626A8138C009FB2F5 /* MJRefreshBackStateFooter.m in Sources */,
				0025DADF2665D202006C6701 /* MDMangaDetailViewController.swift in Sources */,
				0008101226621229009C1005 /* MDBrowseMangaViewController.swift in Sources */,
				7AACACAE267EFD6B00232166 /* MDMangaChapterCollectionCell.swift in Sources */,
				7A9A5FF626C7743A00196953 /* CustomOperator.swift in Sources */,
				004F718E264BF8EB00D61AEB /* MDLoginViewController.swift in Sources */,
				7AB4219426BF7907003A38BB /* NSObject+Ext.swift in Sources */,
				7AD6BA2726A8138C009FB2F5 /* MJRefreshBackNormalFooter.m in Sources */,
				7A3FA32E26B4FDA100C4E2EF /* MDUserDefaultsManager.swift in Sources */,
				B89F2464278BF34C00344EE3 /* MDColorSettingCollectionCell.swift in Sources */,
				7A9A5FF426C76FD400196953 /* MDAccountSettingsCell.swift in Sources */,
				7A7544642686FC3D00467EF1 /* MDMangaChapterDataModel.swift in Sources */,
				7AACACAA267EE2E600232166 /* MDMangaVolumesDataModel.swift in Sources */,
				004F718A264BF8EB00D61AEB /* AppDelegate.swift in Sources */,
				004F7194264BF8EB00D61AEB /* Mangadex.xcdatamodeld in Sources */,
				052D5786275E4CDF004256B3 /* MangaItem.swift in Sources */,
				7A89D9C1267DC51500E41147 /* MDHTTPManager+Auth.swift in Sources */,
				7A89D9BD267DAC9500E41147 /* MDHTTPManager.swift in Sources */,
				7A754466268709D900467EF1 /* MDMangaSlideCollectionCell.swift in Sources */,
				7A89D9C3267DCA0200E41147 /* MDHTTPManager+Author.swift in Sources */,
				7AD6BA2E26A8138C009FB2F5 /* MJRefreshStateHeader.m in Sources */,
				7A53407A26886966003CE4C1 /* MDMangaDetailTabViewController.swift in Sources */,
				05179A1C2792AFD40019D656 /* UIEdgeInsets+Ext.swift in Sources */,
				004F718C264BF8EB00D61AEB /* SceneDelegate.swift in Sources */,
				00363099266F676A0058BE25 /* MDNavigationController.swift in Sources */,
				7A9A5FF126C76F9B00196953 /* MDAccountSettingsSection.swift in Sources */,
				B89F2466278C17F000344EE3 /* MDColorSettingsPopupView.swift in Sources */,
				7AD6BA2A26A8138C009FB2F5 /* MJRefreshAutoNormalFooter.m in Sources */,
				0036309B266F74AF0058BE25 /* MDAppBar.swift in Sources */,
				B8E39736278E905700B42760 /* MDBaseSettingCollectionCell.swift in Sources */,
				7AD6BA2C26A8138C009FB2F5 /* MJRefreshNormalTrailer.m in Sources */,
				7A9A5FF826C8CF7700196953 /* MDRouter.swift in Sources */,
				7AFFAB08267F41F3003D7C75 /* MDMangaSlideViewController.swift in Sources */,
				7AD6BA3026A8138C009FB2F5 /* MJRefreshFooter.m in Sources */,
				7A53407F26886CB4003CE4C1 /* MDMangaDetailInfoViewController.swift in Sources */,
				7A53408326887D62003CE4C1 /* MDHTTPManager+User.swift in Sources */,
				7AD6BA2426A8138C009FB2F5 /* UIView+MJExtension.m in Sources */,
				7A7544622686F8B700467EF1 /* MDHTTPManager+Chapter.swift in Sources */,
				7A89D9BF267DB8AF00E41147 /* MDHTTPManager+Manga.swift in Sources */,
				390E7A55E702F87DC4EAB257 /* MDKeychain.swift in Sources */,
				390E7465241B692337FBC2C4 /* MDPreLoginViewController.swift in Sources */,
				390E7C573DFA5DFDCBD2A368 /* MDMangaTagDataModel.swift in Sources */,
				7AD6BA3326A8138C009FB2F5 /* MJRefreshAutoFooter.m in Sources */,
				7A3319DF26AD3C0B0015D9D1 /* MDMangaProgressManager.swift in Sources */,
				390E73D01E67642D26A2255E /* MDShortTapGestureRecognizer.swift in Sources */,
				7AD6BA2326A8138C009FB2F5 /* NSBundle+MJRefresh.m in Sources */,
				390E7D504E76E74C243BEE18 /* MDLocale.swift in Sources */,
				7AD6BA3826A8142C009FB2F5 /* MJRefreshLeader.m in Sources */,
				7AD6BA1F26A8138C009FB2F5 /* MJRefreshConst.m in Sources */,
				7AD6BA1E26A8138C009FB2F5 /* UIScrollView+MJRefresh.m in Sources */,
				B83B5607278863D000453E26 /* MDFormatter.swift in Sources */,
				05179A18279280EE0019D656 /* MDMangaListViewController.swift in Sources */,
				7AD6BA3426A8138C009FB2F5 /* MJRefreshComponent.m in Sources */,
				390E72BEB00D326BBAB6F4E8 /* MDCTextCard.swift in Sources */,
				7AE229BE26C1170D00DA9C83 /* String+Ext.swift in Sources */,
				390E743C931911C7A8789480 /* UIAlertController+Ext.swift in Sources */,
				7AD6BA2F26A8138C009FB2F5 /* MJRefreshGifHeader.m in Sources */,
				B86D2A7A278C31E00062F818 /* UICollectionView+Ext.swift in Sources */,
				390E78B738C1AC7F9AE9B4B4 /* UILabel+Ext.swift in Sources */,
				05FC8A2B2766F858009BB857 /* MDSettingsPopupView.swift in Sources */,
				390E7D1693D2AB7EFB4E0551 /* UIColor+Ext.swift in Sources */,
				B8E39738278EAF1100B42760 /* MDSettingsManager.swift in Sources */,
				7AD6BA2226A8138C009FB2F5 /* UIScrollView+MJExtension.m in Sources */,
				390E7B8FC16D467464DB04B6 /* UIImageView+Ext.swift in Sources */,
				390E727070B51E1DD65FF1CD /* UIButton+Ext.swift in Sources */,
				390E77057AED63E9926A0B16 /* MDCCustomCard.swift in Sources */,
				390E79239F2BFBF545059C38 /* NSString+Ext.swift in Sources */,
				05179A1A27928E630019D656 /* MDMangaListCollectionCell.swift in Sources */,
				7AD6BA2026A8138C009FB2F5 /* MJRefreshConfig.m in Sources */,
				7AD6BA3C26A82593009FB2F5 /* MJRefreshNormalLeader.m in Sources */,
				390E771BF2B5495044099B8F /* UIScrollView+Ext.swift in Sources */,
				390E7AF4BBB6925DAE7FEC3A /* UIView+Ext.swift in Sources */,
				390E74A989CA31FE56F6481C /* UINavigationController+Ext.swift in Sources */,
				AACBCD357D406D58359E00F0 /* MDTriangleView.swift in Sources */,
			);
			runOnlyForDeploymentPostprocessing = 0;
		};
		004F719B264BF8ED00D61AEB /* Sources */ = {
			isa = PBXSourcesBuildPhase;
			buildActionMask = 2147483647;
			files = (
				004F71A4264BF8ED00D61AEB /* MangadexTests.swift in Sources */,
			);
			runOnlyForDeploymentPostprocessing = 0;
		};
		004F71A6264BF8ED00D61AEB /* Sources */ = {
			isa = PBXSourcesBuildPhase;
			buildActionMask = 2147483647;
			files = (
				004F71AF264BF8ED00D61AEB /* MangadexUITests.swift in Sources */,
			);
			runOnlyForDeploymentPostprocessing = 0;
		};
/* End PBXSourcesBuildPhase section */

/* Begin PBXTargetDependency section */
		004F71A1264BF8ED00D61AEB /* PBXTargetDependency */ = {
			isa = PBXTargetDependency;
			target = 004F7185264BF8EB00D61AEB /* Mangadex */;
			targetProxy = 004F71A0264BF8ED00D61AEB /* PBXContainerItemProxy */;
		};
		004F71AC264BF8ED00D61AEB /* PBXTargetDependency */ = {
			isa = PBXTargetDependency;
			target = 004F7185264BF8EB00D61AEB /* Mangadex */;
			targetProxy = 004F71AB264BF8ED00D61AEB /* PBXContainerItemProxy */;
		};
/* End PBXTargetDependency section */

/* Begin PBXVariantGroup section */
		004F718F264BF8EB00D61AEB /* Main.storyboard */ = {
			isa = PBXVariantGroup;
			children = (
				004F7190264BF8EB00D61AEB /* Base */,
			);
			name = Main.storyboard;
			sourceTree = "<group>";
		};
		004F7197264BF8ED00D61AEB /* LaunchScreen.storyboard */ = {
			isa = PBXVariantGroup;
			children = (
				004F7198264BF8ED00D61AEB /* Base */,
			);
			name = LaunchScreen.storyboard;
			sourceTree = "<group>";
		};
		7A75446E26885FFA00467EF1 /* Localizable.strings */ = {
			isa = PBXVariantGroup;
			children = (
				7A75446D26885FFA00467EF1 /* en */,
				7A53407826886258003CE4C1 /* zh-Hans */,
			);
			name = Localizable.strings;
			sourceTree = "<group>";
		};
/* End PBXVariantGroup section */

/* Begin XCBuildConfiguration section */
		004F71B1264BF8ED00D61AEB /* Debug */ = {
			isa = XCBuildConfiguration;
			buildSettings = {
				ALWAYS_SEARCH_USER_PATHS = NO;
				CLANG_ANALYZER_LOCALIZABILITY_NONLOCALIZED = YES;
				CLANG_ANALYZER_NONNULL = YES;
				CLANG_ANALYZER_NUMBER_OBJECT_CONVERSION = YES_AGGRESSIVE;
				CLANG_CXX_LANGUAGE_STANDARD = "gnu++14";
				CLANG_CXX_LIBRARY = "libc++";
				CLANG_ENABLE_MODULES = YES;
				CLANG_ENABLE_OBJC_ARC = YES;
				CLANG_ENABLE_OBJC_WEAK = YES;
				CLANG_WARN_BLOCK_CAPTURE_AUTORELEASING = YES;
				CLANG_WARN_BOOL_CONVERSION = YES;
				CLANG_WARN_COMMA = YES;
				CLANG_WARN_CONSTANT_CONVERSION = YES;
				CLANG_WARN_DEPRECATED_OBJC_IMPLEMENTATIONS = YES;
				CLANG_WARN_DIRECT_OBJC_ISA_USAGE = YES_ERROR;
				CLANG_WARN_DOCUMENTATION_COMMENTS = YES;
				CLANG_WARN_EMPTY_BODY = YES;
				CLANG_WARN_ENUM_CONVERSION = YES;
				CLANG_WARN_INFINITE_RECURSION = YES;
				CLANG_WARN_INT_CONVERSION = YES;
				CLANG_WARN_NON_LITERAL_NULL_CONVERSION = YES;
				CLANG_WARN_OBJC_IMPLICIT_RETAIN_SELF = YES;
				CLANG_WARN_OBJC_LITERAL_CONVERSION = YES;
				CLANG_WARN_OBJC_ROOT_CLASS = YES_ERROR;
				CLANG_WARN_QUOTED_INCLUDE_IN_FRAMEWORK_HEADER = YES;
				CLANG_WARN_RANGE_LOOP_ANALYSIS = YES;
				CLANG_WARN_STRICT_PROTOTYPES = YES;
				CLANG_WARN_SUSPICIOUS_MOVE = YES;
				CLANG_WARN_UNGUARDED_AVAILABILITY = YES_AGGRESSIVE;
				CLANG_WARN_UNREACHABLE_CODE = YES;
				CLANG_WARN__DUPLICATE_METHOD_MATCH = YES;
				COPY_PHASE_STRIP = NO;
				DEBUG_INFORMATION_FORMAT = dwarf;
				ENABLE_STRICT_OBJC_MSGSEND = YES;
				ENABLE_TESTABILITY = YES;
				GCC_C_LANGUAGE_STANDARD = gnu11;
				GCC_DYNAMIC_NO_PIC = NO;
				GCC_NO_COMMON_BLOCKS = YES;
				GCC_OPTIMIZATION_LEVEL = 0;
				GCC_PREPROCESSOR_DEFINITIONS = (
					"DEBUG=1",
					"$(inherited)",
				);
				GCC_WARN_64_TO_32_BIT_CONVERSION = YES;
				GCC_WARN_ABOUT_RETURN_TYPE = YES_ERROR;
				GCC_WARN_UNDECLARED_SELECTOR = YES;
				GCC_WARN_UNINITIALIZED_AUTOS = YES_AGGRESSIVE;
				GCC_WARN_UNUSED_FUNCTION = YES;
				GCC_WARN_UNUSED_VARIABLE = YES;
				IPHONEOS_DEPLOYMENT_TARGET = 14.5;
				MTL_ENABLE_DEBUG_INFO = INCLUDE_SOURCE;
				MTL_FAST_MATH = YES;
				ONLY_ACTIVE_ARCH = YES;
				OTHER_LDFLAGS = "";
				SDKROOT = iphoneos;
				SWIFT_ACTIVE_COMPILATION_CONDITIONS = DEBUG;
				SWIFT_OPTIMIZATION_LEVEL = "-Onone";
			};
			name = Debug;
		};
		004F71B2264BF8ED00D61AEB /* Release */ = {
			isa = XCBuildConfiguration;
			buildSettings = {
				ALWAYS_SEARCH_USER_PATHS = NO;
				CLANG_ANALYZER_LOCALIZABILITY_NONLOCALIZED = YES;
				CLANG_ANALYZER_NONNULL = YES;
				CLANG_ANALYZER_NUMBER_OBJECT_CONVERSION = YES_AGGRESSIVE;
				CLANG_CXX_LANGUAGE_STANDARD = "gnu++14";
				CLANG_CXX_LIBRARY = "libc++";
				CLANG_ENABLE_MODULES = YES;
				CLANG_ENABLE_OBJC_ARC = YES;
				CLANG_ENABLE_OBJC_WEAK = YES;
				CLANG_WARN_BLOCK_CAPTURE_AUTORELEASING = YES;
				CLANG_WARN_BOOL_CONVERSION = YES;
				CLANG_WARN_COMMA = YES;
				CLANG_WARN_CONSTANT_CONVERSION = YES;
				CLANG_WARN_DEPRECATED_OBJC_IMPLEMENTATIONS = YES;
				CLANG_WARN_DIRECT_OBJC_ISA_USAGE = YES_ERROR;
				CLANG_WARN_DOCUMENTATION_COMMENTS = YES;
				CLANG_WARN_EMPTY_BODY = YES;
				CLANG_WARN_ENUM_CONVERSION = YES;
				CLANG_WARN_INFINITE_RECURSION = YES;
				CLANG_WARN_INT_CONVERSION = YES;
				CLANG_WARN_NON_LITERAL_NULL_CONVERSION = YES;
				CLANG_WARN_OBJC_IMPLICIT_RETAIN_SELF = YES;
				CLANG_WARN_OBJC_LITERAL_CONVERSION = YES;
				CLANG_WARN_OBJC_ROOT_CLASS = YES_ERROR;
				CLANG_WARN_QUOTED_INCLUDE_IN_FRAMEWORK_HEADER = YES;
				CLANG_WARN_RANGE_LOOP_ANALYSIS = YES;
				CLANG_WARN_STRICT_PROTOTYPES = YES;
				CLANG_WARN_SUSPICIOUS_MOVE = YES;
				CLANG_WARN_UNGUARDED_AVAILABILITY = YES_AGGRESSIVE;
				CLANG_WARN_UNREACHABLE_CODE = YES;
				CLANG_WARN__DUPLICATE_METHOD_MATCH = YES;
				COPY_PHASE_STRIP = NO;
				DEBUG_INFORMATION_FORMAT = "dwarf-with-dsym";
				ENABLE_NS_ASSERTIONS = NO;
				ENABLE_STRICT_OBJC_MSGSEND = YES;
				GCC_C_LANGUAGE_STANDARD = gnu11;
				GCC_NO_COMMON_BLOCKS = YES;
				GCC_WARN_64_TO_32_BIT_CONVERSION = YES;
				GCC_WARN_ABOUT_RETURN_TYPE = YES_ERROR;
				GCC_WARN_UNDECLARED_SELECTOR = YES;
				GCC_WARN_UNINITIALIZED_AUTOS = YES_AGGRESSIVE;
				GCC_WARN_UNUSED_FUNCTION = YES;
				GCC_WARN_UNUSED_VARIABLE = YES;
				IPHONEOS_DEPLOYMENT_TARGET = 14.5;
				MTL_ENABLE_DEBUG_INFO = NO;
				MTL_FAST_MATH = YES;
				OTHER_LDFLAGS = "";
				SDKROOT = iphoneos;
				SWIFT_COMPILATION_MODE = wholemodule;
				SWIFT_OPTIMIZATION_LEVEL = "-O";
				VALIDATE_PRODUCT = YES;
			};
			name = Release;
		};
		004F71B4264BF8ED00D61AEB /* Debug */ = {
			isa = XCBuildConfiguration;
			baseConfigurationReference = A112F1BBD00A38531B364725 /* Pods-Mangadex.debug.xcconfig */;
			buildSettings = {
				ASSETCATALOG_COMPILER_APPICON_NAME = AppIcon;
				ASSETCATALOG_COMPILER_GLOBAL_ACCENT_COLOR_NAME = AccentColor;
				CLANG_ENABLE_MODULES = YES;
				CODE_SIGN_ENTITLEMENTS = Mangadex/Mangadex.entitlements;
				CODE_SIGN_STYLE = Automatic;
				DEVELOPMENT_TEAM = B4YJNS52DR;
				INFOPLIST_FILE = Mangadex/Info.plist;
				IPHONEOS_DEPLOYMENT_TARGET = 14.0;
				LD_RUNPATH_SEARCH_PATHS = (
					"$(inherited)",
					"@executable_path/Frameworks",
				);
				OTHER_LDFLAGS = (
					"$(inherited)",
					"-framework",
					"\"CoreGraphics\"",
					"-framework",
					"\"Just\"",
					"-framework",
					"\"MDFInternationalization\"",
					"-framework",
					"\"MDFTextAccessibility\"",
					"-framework",
					"\"MaterialComponents\"",
					"-framework",
					"\"MotionAnimator\"",
					"-framework",
					"\"MotionInterchange\"",
					"-framework",
					"\"Pageboy\"",
					"-framework",
					"\"ProgressHUD\"",
					"-framework",
					"\"QuartzCore\"",
					"-framework",
					"\"SnapKit\"",
					"-framework",
					"\"SwiftyJSON\"",
					"-framework",
					"\"Tabman\"",
					"-framework",
					"\"WebKit\"",
				);
				PRODUCT_BUNDLE_IDENTIFIER = com.sokiraon.Mangadex;
				PRODUCT_NAME = "$(TARGET_NAME)";
				SWIFT_OBJC_BRIDGING_HEADER = "Mangadex/Supporting Files/Mangadex-Bridging-Header.h";
				SWIFT_OPTIMIZATION_LEVEL = "-Onone";
				SWIFT_VERSION = 5.0;
				TARGETED_DEVICE_FAMILY = "1,2";
			};
			name = Debug;
		};
		004F71B5264BF8ED00D61AEB /* Release */ = {
			isa = XCBuildConfiguration;
			baseConfigurationReference = 91B3DEDE63E98E2543E7196D /* Pods-Mangadex.release.xcconfig */;
			buildSettings = {
				ASSETCATALOG_COMPILER_APPICON_NAME = AppIcon;
				ASSETCATALOG_COMPILER_GLOBAL_ACCENT_COLOR_NAME = AccentColor;
				CLANG_ENABLE_MODULES = YES;
				CODE_SIGN_ENTITLEMENTS = Mangadex/Mangadex.entitlements;
				CODE_SIGN_STYLE = Automatic;
				DEVELOPMENT_TEAM = B4YJNS52DR;
				INFOPLIST_FILE = Mangadex/Info.plist;
				IPHONEOS_DEPLOYMENT_TARGET = 14.0;
				LD_RUNPATH_SEARCH_PATHS = (
					"$(inherited)",
					"@executable_path/Frameworks",
				);
				PRODUCT_BUNDLE_IDENTIFIER = com.sokiraon.Mangadex;
				PRODUCT_NAME = "$(TARGET_NAME)";
				SWIFT_OBJC_BRIDGING_HEADER = "Mangadex/Supporting Files/Mangadex-Bridging-Header.h";
				SWIFT_VERSION = 5.0;
				TARGETED_DEVICE_FAMILY = "1,2";
			};
			name = Release;
		};
		004F71B7264BF8ED00D61AEB /* Debug */ = {
			isa = XCBuildConfiguration;
			buildSettings = {
				ALWAYS_EMBED_SWIFT_STANDARD_LIBRARIES = YES;
				BUNDLE_LOADER = "$(TEST_HOST)";
				CODE_SIGN_STYLE = Automatic;
				DEVELOPMENT_TEAM = B4YJNS52DR;
				INFOPLIST_FILE = MangadexTests/Info.plist;
				IPHONEOS_DEPLOYMENT_TARGET = 14.4;
				LD_RUNPATH_SEARCH_PATHS = (
					"$(inherited)",
					"@executable_path/Frameworks",
					"@loader_path/Frameworks",
				);
				PRODUCT_BUNDLE_IDENTIFIER = com.sokiraon.MangadexTests;
				PRODUCT_NAME = "$(TARGET_NAME)";
				SWIFT_VERSION = 5.0;
				TARGETED_DEVICE_FAMILY = "1,2";
				TEST_HOST = "$(BUILT_PRODUCTS_DIR)/Mangadex.app/Mangadex";
			};
			name = Debug;
		};
		004F71B8264BF8ED00D61AEB /* Release */ = {
			isa = XCBuildConfiguration;
			buildSettings = {
				ALWAYS_EMBED_SWIFT_STANDARD_LIBRARIES = YES;
				BUNDLE_LOADER = "$(TEST_HOST)";
				CODE_SIGN_STYLE = Automatic;
				DEVELOPMENT_TEAM = B4YJNS52DR;
				INFOPLIST_FILE = MangadexTests/Info.plist;
				IPHONEOS_DEPLOYMENT_TARGET = 14.4;
				LD_RUNPATH_SEARCH_PATHS = (
					"$(inherited)",
					"@executable_path/Frameworks",
					"@loader_path/Frameworks",
				);
				PRODUCT_BUNDLE_IDENTIFIER = com.sokiraon.MangadexTests;
				PRODUCT_NAME = "$(TARGET_NAME)";
				SWIFT_VERSION = 5.0;
				TARGETED_DEVICE_FAMILY = "1,2";
				TEST_HOST = "$(BUILT_PRODUCTS_DIR)/Mangadex.app/Mangadex";
			};
			name = Release;
		};
		004F71BA264BF8ED00D61AEB /* Debug */ = {
			isa = XCBuildConfiguration;
			buildSettings = {
				ALWAYS_EMBED_SWIFT_STANDARD_LIBRARIES = YES;
				CODE_SIGN_STYLE = Automatic;
				DEVELOPMENT_TEAM = B4YJNS52DR;
				INFOPLIST_FILE = MangadexUITests/Info.plist;
				LD_RUNPATH_SEARCH_PATHS = (
					"$(inherited)",
					"@executable_path/Frameworks",
					"@loader_path/Frameworks",
				);
				PRODUCT_BUNDLE_IDENTIFIER = com.sokiraon.MangadexUITests;
				PRODUCT_NAME = "$(TARGET_NAME)";
				SWIFT_VERSION = 5.0;
				TARGETED_DEVICE_FAMILY = "1,2";
				TEST_TARGET_NAME = Mangadex;
			};
			name = Debug;
		};
		004F71BB264BF8ED00D61AEB /* Release */ = {
			isa = XCBuildConfiguration;
			buildSettings = {
				ALWAYS_EMBED_SWIFT_STANDARD_LIBRARIES = YES;
				CODE_SIGN_STYLE = Automatic;
				DEVELOPMENT_TEAM = B4YJNS52DR;
				INFOPLIST_FILE = MangadexUITests/Info.plist;
				LD_RUNPATH_SEARCH_PATHS = (
					"$(inherited)",
					"@executable_path/Frameworks",
					"@loader_path/Frameworks",
				);
				PRODUCT_BUNDLE_IDENTIFIER = com.sokiraon.MangadexUITests;
				PRODUCT_NAME = "$(TARGET_NAME)";
				SWIFT_VERSION = 5.0;
				TARGETED_DEVICE_FAMILY = "1,2";
				TEST_TARGET_NAME = Mangadex;
			};
			name = Release;
		};
/* End XCBuildConfiguration section */

/* Begin XCConfigurationList section */
		004F7181264BF8EB00D61AEB /* Build configuration list for PBXProject "Mangadex" */ = {
			isa = XCConfigurationList;
			buildConfigurations = (
				004F71B1264BF8ED00D61AEB /* Debug */,
				004F71B2264BF8ED00D61AEB /* Release */,
			);
			defaultConfigurationIsVisible = 0;
			defaultConfigurationName = Release;
		};
		004F71B3264BF8ED00D61AEB /* Build configuration list for PBXNativeTarget "Mangadex" */ = {
			isa = XCConfigurationList;
			buildConfigurations = (
				004F71B4264BF8ED00D61AEB /* Debug */,
				004F71B5264BF8ED00D61AEB /* Release */,
			);
			defaultConfigurationIsVisible = 0;
			defaultConfigurationName = Release;
		};
		004F71B6264BF8ED00D61AEB /* Build configuration list for PBXNativeTarget "MangadexTests" */ = {
			isa = XCConfigurationList;
			buildConfigurations = (
				004F71B7264BF8ED00D61AEB /* Debug */,
				004F71B8264BF8ED00D61AEB /* Release */,
			);
			defaultConfigurationIsVisible = 0;
			defaultConfigurationName = Release;
		};
		004F71B9264BF8ED00D61AEB /* Build configuration list for PBXNativeTarget "MangadexUITests" */ = {
			isa = XCConfigurationList;
			buildConfigurations = (
				004F71BA264BF8ED00D61AEB /* Debug */,
				004F71BB264BF8ED00D61AEB /* Release */,
			);
			defaultConfigurationIsVisible = 0;
			defaultConfigurationName = Release;
		};
/* End XCConfigurationList section */

/* Begin XCVersionGroup section */
		004F7192264BF8EB00D61AEB /* Mangadex.xcdatamodeld */ = {
			isa = XCVersionGroup;
			children = (
				004F7193264BF8EB00D61AEB /* Mangadex.xcdatamodel */,
			);
			currentVersion = 004F7193264BF8EB00D61AEB /* Mangadex.xcdatamodel */;
			path = Mangadex.xcdatamodeld;
			sourceTree = "<group>";
			versionGroupType = wrapper.xcdatamodel;
		};
/* End XCVersionGroup section */
	};
	rootObject = 004F717E264BF8EB00D61AEB /* Project object */;
}
