<?xml version="1.0" encoding="UTF-8"?>
<Scheme
   version = "1.3">
   <BuildAction>
      <BuildActionEntries>
         <BuildActionEntry
            buildForRunning = "YES">
            <BuildableReference
               BuildableIdentifier = "primary"
               BlueprintIdentifier = "004F7185264BF8EB00D61AEB"
               BuildableName = "Mangadex.app"
               BlueprintName = "Mangadex"
               ReferencedContainer = "container:Mangadex.xcodeproj">
            </BuildableReference>
         </BuildActionEntry>
      </BuildActionEntries>
   </BuildAction>
   <LaunchAction
      useCustomWorkingDirectory = "NO"
      buildConfiguration = "Debug"
      allowLocationSimulation = "YES"
      language = "zh-Hans"
      region = "CN">
      <BuildableProductRunnable>
         <BuildableReference
            BuildableIdentifier = "primary"
            BlueprintIdentifier = "004F7185264BF8EB00D61AEB"
            BuildableName = "Mangadex.app"
            BlueprintName = "Mangadex"
            ReferencedContainer = "container:Mangadex.xcodeproj">
         </BuildableReference>
      </BuildableProductRunnable>
   </LaunchAction>
</Scheme>
